// !$*UTF8*$!
{
	archiveVersion = 1;
	classes = {
	};
	objectVersion = 46;
	objects = {

/* Begin PBXAggregateTarget section */
		9B9331281A147DC600A402B5 /* mogenerator */ = {
			isa = PBXAggregateTarget;
			buildConfigurationList = 9B93312D1A147DC600A402B5 /* Build configuration list for PBXAggregateTarget "mogenerator" */;
			buildPhases = (
				9B93312E1A147DCD00A402B5 /* ShellScript */,
			);
			dependencies = (
			);
			name = mogenerator;
			productName = mogenerator;
		};
/* End PBXAggregateTarget section */

/* Begin PBXBuildFile section */
		09269DE11A1316E20048DC44 /* Lato-Light.ttf in Resources */ = {isa = PBXBuildFile; fileRef = 09269DDE1A1316580048DC44 /* Lato-Light.ttf */; };
		09269DE21A1316E40048DC44 /* Lato-Hairline.ttf in Resources */ = {isa = PBXBuildFile; fileRef = 09269DE01A1316640048DC44 /* Lato-Hairline.ttf */; };
		09269DE31A1316E60048DC44 /* Lato-Regular.ttf in Resources */ = {isa = PBXBuildFile; fileRef = 09269DDF1A1316580048DC44 /* Lato-Regular.ttf */; };
		09A776FF1A11D8D9004AF902 /* WokeTests.m in Sources */ = {isa = PBXBuildFile; fileRef = 09A776FE1A11D8D9004AF902 /* WokeTests.m */; };
		09A7772C1A11E2BD004AF902 /* AppDelegate.m in Sources */ = {isa = PBXBuildFile; fileRef = 09A777101A11E2BD004AF902 /* AppDelegate.m */; };
		09A7772D1A11E2BD004AF902 /* main.m in Sources */ = {isa = PBXBuildFile; fileRef = 09A777111A11E2BD004AF902 /* main.m */; };
		09A7772E1A11E2BD004AF902 /* ViewController.m in Sources */ = {isa = PBXBuildFile; fileRef = 09A777181A11E2BD004AF902 /* ViewController.m */; };
		09A7772F1A11E2BD004AF902 /* LaunchScreen.xib in Resources */ = {isa = PBXBuildFile; fileRef = 09A7771C1A11E2BD004AF902 /* LaunchScreen.xib */; };
		09A777301A11E2BD004AF902 /* Main.storyboard in Resources */ = {isa = PBXBuildFile; fileRef = 09A7771E1A11E2BD004AF902 /* Main.storyboard */; };
		09A777311A11E2BD004AF902 /* Images.xcassets in Resources */ = {isa = PBXBuildFile; fileRef = 09A777201A11E2BD004AF902 /* Images.xcassets */; };
		09A777321A11E2BD004AF902 /* Settings.bundle in Resources */ = {isa = PBXBuildFile; fileRef = 09A777211A11E2BD004AF902 /* Settings.bundle */; };
		09A777341A11E2BD004AF902 /* KZBEnvironments.plist in Resources */ = {isa = PBXBuildFile; fileRef = 09A777271A11E2BD004AF902 /* KZBEnvironments.plist */; };
		09ABE17A1A1326F300989ECA /* EWMainViewController.m in Sources */ = {isa = PBXBuildFile; fileRef = 09ABE1791A1326F300989ECA /* EWMainViewController.m */; };
		09ABE17D1A13270000989ECA /* EWLoginGateViewController.m in Sources */ = {isa = PBXBuildFile; fileRef = 09ABE17C1A13270000989ECA /* EWLoginGateViewController.m */; };
		09ABE1801A13285400989ECA /* EWBaseViewController.m in Sources */ = {isa = PBXBuildFile; fileRef = 09ABE17F1A13285400989ECA /* EWBaseViewController.m */; };
		09ABE1871A132DF900989ECA /* EWBaseNavigationController.m in Sources */ = {isa = PBXBuildFile; fileRef = 09ABE1861A132DF900989ECA /* EWBaseNavigationController.m */; };
		09DF4F741A1434AF00BEA328 /* EarlyWorm.xcdatamodeld in Sources */ = {isa = PBXBuildFile; fileRef = 09DF4F111A1434AF00BEA328 /* EarlyWorm.xcdatamodeld */; };
		09DF4F751A1434AF00BEA328 /* EWAchievement.m in Sources */ = {isa = PBXBuildFile; fileRef = 09DF4F151A1434AF00BEA328 /* EWAchievement.m */; };
		09DF4F761A1434AF00BEA328 /* EWActivity.m in Sources */ = {isa = PBXBuildFile; fileRef = 09DF4F171A1434AF00BEA328 /* EWActivity.m */; };
		09DF4F771A1434AF00BEA328 /* EWAlarm.m in Sources */ = {isa = PBXBuildFile; fileRef = 09DF4F191A1434AF00BEA328 /* EWAlarm.m */; };
		09DF4F781A1434AF00BEA328 /* EWGroup.m in Sources */ = {isa = PBXBuildFile; fileRef = 09DF4F1B1A1434AF00BEA328 /* EWGroup.m */; };
		09DF4F791A1434AF00BEA328 /* EWGroupTask.m in Sources */ = {isa = PBXBuildFile; fileRef = 09DF4F1D1A1434AF00BEA328 /* EWGroupTask.m */; };
		09DF4F7A1A1434AF00BEA328 /* EWMedia.m in Sources */ = {isa = PBXBuildFile; fileRef = 09DF4F1F1A1434AF00BEA328 /* EWMedia.m */; };
		09DF4F7B1A1434AF00BEA328 /* EWMediaFile.m in Sources */ = {isa = PBXBuildFile; fileRef = 09DF4F211A1434AF00BEA328 /* EWMediaFile.m */; };
		09DF4F7C1A1434AF00BEA328 /* EWMeidaFile.m in Sources */ = {isa = PBXBuildFile; fileRef = 09DF4F231A1434AF00BEA328 /* EWMeidaFile.m */; };
		09DF4F7D1A1434AF00BEA328 /* EWMessage.m in Sources */ = {isa = PBXBuildFile; fileRef = 09DF4F251A1434AF00BEA328 /* EWMessage.m */; };
		09DF4F7E1A1434AF00BEA328 /* EWNotification.m in Sources */ = {isa = PBXBuildFile; fileRef = 09DF4F271A1434AF00BEA328 /* EWNotification.m */; };
		09DF4F7F1A1434AF00BEA328 /* EWPerson.m in Sources */ = {isa = PBXBuildFile; fileRef = 09DF4F291A1434AF00BEA328 /* EWPerson.m */; };
		09DF4F801A1434AF00BEA328 /* EWServerObject.m in Sources */ = {isa = PBXBuildFile; fileRef = 09DF4F2B1A1434AF00BEA328 /* EWServerObject.m */; };
		09DF4F811A1434AF00BEA328 /* EWTaskItem.m in Sources */ = {isa = PBXBuildFile; fileRef = 09DF4F2D1A1434AF00BEA328 /* EWTaskItem.m */; };
		09DF4F821A1434AF00BEA328 /* _EWAchievement.m in Sources */ = {isa = PBXBuildFile; fileRef = 09DF4F301A1434AF00BEA328 /* _EWAchievement.m */; };
		09DF4F831A1434AF00BEA328 /* _EWActivity.m in Sources */ = {isa = PBXBuildFile; fileRef = 09DF4F321A1434AF00BEA328 /* _EWActivity.m */; };
		09DF4F841A1434AF00BEA328 /* _EWAlarm.m in Sources */ = {isa = PBXBuildFile; fileRef = 09DF4F341A1434AF00BEA328 /* _EWAlarm.m */; };
		09DF4F851A1434AF00BEA328 /* _EWGroup.m in Sources */ = {isa = PBXBuildFile; fileRef = 09DF4F361A1434AF00BEA328 /* _EWGroup.m */; };
		09DF4F861A1434AF00BEA328 /* _EWGroupTask.m in Sources */ = {isa = PBXBuildFile; fileRef = 09DF4F381A1434AF00BEA328 /* _EWGroupTask.m */; };
		09DF4F871A1434AF00BEA328 /* _EWMedia.m in Sources */ = {isa = PBXBuildFile; fileRef = 09DF4F3A1A1434AF00BEA328 /* _EWMedia.m */; };
		09DF4F881A1434AF00BEA328 /* _EWMediaFile.m in Sources */ = {isa = PBXBuildFile; fileRef = 09DF4F3C1A1434AF00BEA328 /* _EWMediaFile.m */; };
		09DF4F891A1434AF00BEA328 /* _EWMessage.m in Sources */ = {isa = PBXBuildFile; fileRef = 09DF4F3E1A1434AF00BEA328 /* _EWMessage.m */; };
		09DF4F8A1A1434AF00BEA328 /* _EWNotification.m in Sources */ = {isa = PBXBuildFile; fileRef = 09DF4F401A1434AF00BEA328 /* _EWNotification.m */; };
		09DF4F8B1A1434AF00BEA328 /* _EWPerson.m in Sources */ = {isa = PBXBuildFile; fileRef = 09DF4F421A1434AF00BEA328 /* _EWPerson.m */; };
		09DF4F8C1A1434AF00BEA328 /* _EWServerObject.m in Sources */ = {isa = PBXBuildFile; fileRef = 09DF4F441A1434AF00BEA328 /* _EWServerObject.m */; };
		09DF4F8D1A1434AF00BEA328 /* _EWSocialGraph.m in Sources */ = {isa = PBXBuildFile; fileRef = 09DF4F461A1434AF00BEA328 /* _EWSocialGraph.m */; };
		09DF4F8E1A1434AF00BEA328 /* _EWTaskItem.m in Sources */ = {isa = PBXBuildFile; fileRef = 09DF4F481A1434AF00BEA328 /* _EWTaskItem.m */; };
		09DF4F8F1A1434AF00BEA328 /* EWActivityManager.m in Sources */ = {isa = PBXBuildFile; fileRef = 09DF4F4B1A1434AF00BEA328 /* EWActivityManager.m */; };
		09DF4F901A1434AF00BEA328 /* EWAlarmManager.m in Sources */ = {isa = PBXBuildFile; fileRef = 09DF4F4D1A1434AF00BEA328 /* EWAlarmManager.m */; };
		09DF4F911A1434AF00BEA328 /* EWBackgroundingManager.m in Sources */ = {isa = PBXBuildFile; fileRef = 09DF4F4F1A1434AF00BEA328 /* EWBackgroundingManager.m */; };
		09DF4F921A1434AF00BEA328 /* EWDataStore.m in Sources */ = {isa = PBXBuildFile; fileRef = 09DF4F521A1434AF00BEA328 /* EWDataStore.m */; };
		09DF4F931A1434AF00BEA328 /* EWGroupStore.m in Sources */ = {isa = PBXBuildFile; fileRef = 09DF4F541A1434AF00BEA328 /* EWGroupStore.m */; };
		09DF4F941A1434AF00BEA328 /* EWImageStore.m in Sources */ = {isa = PBXBuildFile; fileRef = 09DF4F561A1434AF00BEA328 /* EWImageStore.m */; };
		09DF4F951A1434AF00BEA328 /* EWMediaManager.m in Sources */ = {isa = PBXBuildFile; fileRef = 09DF4F581A1434AF00BEA328 /* EWMediaManager.m */; };
		09DF4F961A1434AF00BEA328 /* EWNotificationManager.m in Sources */ = {isa = PBXBuildFile; fileRef = 09DF4F5A1A1434AF00BEA328 /* EWNotificationManager.m */; };
		09DF4F971A1434AF00BEA328 /* EWPersonManager.m in Sources */ = {isa = PBXBuildFile; fileRef = 09DF4F5C1A1434AF00BEA328 /* EWPersonManager.m */; };
		09DF4F981A1434AF00BEA328 /* EWServer.m in Sources */ = {isa = PBXBuildFile; fileRef = 09DF4F5E1A1434AF00BEA328 /* EWServer.m */; };
		09DF4F991A1434AF00BEA328 /* EWSession.m in Sources */ = {isa = PBXBuildFile; fileRef = 09DF4F601A1434AF00BEA328 /* EWSession.m */; };
		09DF4F9A1A1434AF00BEA328 /* EWSocialGraphManager.m in Sources */ = {isa = PBXBuildFile; fileRef = 09DF4F621A1434AF00BEA328 /* EWSocialGraphManager.m */; };
		09DF4F9B1A1434AF00BEA328 /* EWSync.m in Sources */ = {isa = PBXBuildFile; fileRef = 09DF4F641A1434AF00BEA328 /* EWSync.m */; };
		09DF4F9C1A1434AF00BEA328 /* EWTaskManager.m in Sources */ = {isa = PBXBuildFile; fileRef = 09DF4F661A1434AF00BEA328 /* EWTaskManager.m */; };
		09DF4F9D1A1434AF00BEA328 /* EWUserManagement.m in Sources */ = {isa = PBXBuildFile; fileRef = 09DF4F681A1434AF00BEA328 /* EWUserManagement.m */; };
		09DF4F9E1A1434AF00BEA328 /* EWUtil.m in Sources */ = {isa = PBXBuildFile; fileRef = 09DF4F6A1A1434AF00BEA328 /* EWUtil.m */; };
		09DF4F9F1A1434AF00BEA328 /* EWWakeUpManager.m in Sources */ = {isa = PBXBuildFile; fileRef = 09DF4F6C1A1434AF00BEA328 /* EWWakeUpManager.m */; };
		09DF4FA01A1434AF00BEA328 /* NSManagedObject+EWSync.m in Sources */ = {isa = PBXBuildFile; fileRef = 09DF4F6E1A1434AF00BEA328 /* NSManagedObject+EWSync.m */; };
		09DF4FA11A1434AF00BEA328 /* PFObject+EWSync.m in Sources */ = {isa = PBXBuildFile; fileRef = 09DF4F701A1434AF00BEA328 /* PFObject+EWSync.m */; };
		09DF4FA21A1434AF00BEA328 /* PFQuery+EWQuery.m in Sources */ = {isa = PBXBuildFile; fileRef = 09DF4F721A1434AF00BEA328 /* PFQuery+EWQuery.m */; };
		8E1E370E64275A32CA7FC9A9 /* libPods-Woke.a in Frameworks */ = {isa = PBXBuildFile; fileRef = B95C7310A02172389FEF1951 /* libPods-Woke.a */; };
		9B22CF6E1A14470000DDB251 /* GPUImageAnimator.m in Sources */ = {isa = PBXBuildFile; fileRef = 9B22CF6C1A14470000DDB251 /* GPUImageAnimator.m */; };
		9B22CF711A14471A00DDB251 /* NavigationControllerDelegate.m in Sources */ = {isa = PBXBuildFile; fileRef = 9B22CF701A14471A00DDB251 /* NavigationControllerDelegate.m */; };
		9B22CF8A1A144C6900DDB251 /* NSDate+Extend.m in Sources */ = {isa = PBXBuildFile; fileRef = 9B22CF851A144C6900DDB251 /* NSDate+Extend.m */; };
		9B22CF8B1A144C6900DDB251 /* NSManagedObjectContext+ChainSave.m in Sources */ = {isa = PBXBuildFile; fileRef = 9B22CF871A144C6900DDB251 /* NSManagedObjectContext+ChainSave.m */; };
		9B22CF8C1A144C6900DDB251 /* NSString+Extend.m in Sources */ = {isa = PBXBuildFile; fileRef = 9B22CF891A144C6900DDB251 /* NSString+Extend.m */; };
		9BDF607F1A14915B009E3C4A /* EWAVManager.m in Sources */ = {isa = PBXBuildFile; fileRef = 9BDF607E1A14915B009E3C4A /* EWAVManager.m */; };
		9BDF608C1A149339009E3C4A /* EWMediaCell.m in Sources */ = {isa = PBXBuildFile; fileRef = 9BDF608A1A149339009E3C4A /* EWMediaCell.m */; };
		9BDF608D1A149339009E3C4A /* EWMediaCell.xib in Resources */ = {isa = PBXBuildFile; fileRef = 9BDF608B1A149339009E3C4A /* EWMediaCell.xib */; };
		9BDF60901A149569009E3C4A /* EWMediaSlider.m in Sources */ = {isa = PBXBuildFile; fileRef = 9BDF608F1A149569009E3C4A /* EWMediaSlider.m */; };
		9BDF60941A149685009E3C4A /* SCSiriWaveformView.m in Sources */ = {isa = PBXBuildFile; fileRef = 9BDF60931A149685009E3C4A /* SCSiriWaveformView.m */; };
		9BDF60971A149909009E3C4A /* EWAlarmScheduleViewController.m in Sources */ = {isa = PBXBuildFile; fileRef = 9BDF60961A149909009E3C4A /* EWAlarmScheduleViewController.m */; };
		9BDF609A1A149920009E3C4A /* EWPersonViewController.m in Sources */ = {isa = PBXBuildFile; fileRef = 9BDF60991A149920009E3C4A /* EWPersonViewController.m */; };
		9BDF609D1A149960009E3C4A /* EWUIUtil.m in Sources */ = {isa = PBXBuildFile; fileRef = 9BDF609C1A149960009E3C4A /* EWUIUtil.m */; };
		9BDF60A21A1499D6009E3C4A /* UIView+Extend.m in Sources */ = {isa = PBXBuildFile; fileRef = 9BDF609F1A1499D6009E3C4A /* UIView+Extend.m */; };
		9BDF60A31A1499D6009E3C4A /* UIView+Layout.m in Sources */ = {isa = PBXBuildFile; fileRef = 9BDF60A11A1499D6009E3C4A /* UIView+Layout.m */; };
		9BDF60A81A149A15009E3C4A /* UIView+Blur.m in Sources */ = {isa = PBXBuildFile; fileRef = 9BDF60A51A149A15009E3C4A /* UIView+Blur.m */; };
		9BDF60A91A149A15009E3C4A /* UIViewController+Blur.m in Sources */ = {isa = PBXBuildFile; fileRef = 9BDF60A71A149A15009E3C4A /* UIViewController+Blur.m */; };
/* End PBXBuildFile section */

/* Begin PBXContainerItemProxy section */
		09A776F91A11D8D9004AF902 /* PBXContainerItemProxy */ = {
			isa = PBXContainerItemProxy;
			containerPortal = 09A776D71A11D8D9004AF902 /* Project object */;
			proxyType = 1;
			remoteGlobalIDString = 09A776DE1A11D8D9004AF902;
			remoteInfo = Woke;
		};
/* End PBXContainerItemProxy section */

/* Begin PBXFileReference section */
		09269DDE1A1316580048DC44 /* Lato-Light.ttf */ = {isa = PBXFileReference; lastKnownFileType = file; path = "Lato-Light.ttf"; sourceTree = "<group>"; };
		09269DDF1A1316580048DC44 /* Lato-Regular.ttf */ = {isa = PBXFileReference; lastKnownFileType = file; path = "Lato-Regular.ttf"; sourceTree = "<group>"; };
		09269DE01A1316640048DC44 /* Lato-Hairline.ttf */ = {isa = PBXFileReference; lastKnownFileType = file; path = "Lato-Hairline.ttf"; sourceTree = "<group>"; };
		09A776DF1A11D8D9004AF902 /* Woke.app */ = {isa = PBXFileReference; explicitFileType = wrapper.application; includeInIndex = 0; path = Woke.app; sourceTree = BUILT_PRODUCTS_DIR; };
		09A776F81A11D8D9004AF902 /* WokeTests.xctest */ = {isa = PBXFileReference; explicitFileType = wrapper.cfbundle; includeInIndex = 0; path = WokeTests.xctest; sourceTree = BUILT_PRODUCTS_DIR; };
		09A776FD1A11D8D9004AF902 /* Info.plist */ = {isa = PBXFileReference; lastKnownFileType = text.plist.xml; path = Info.plist; sourceTree = "<group>"; };
		09A776FE1A11D8D9004AF902 /* WokeTests.m */ = {isa = PBXFileReference; lastKnownFileType = sourcecode.c.objc; path = WokeTests.m; sourceTree = "<group>"; };
		09A7770F1A11E2BD004AF902 /* AppDelegate.h */ = {isa = PBXFileReference; fileEncoding = 4; lastKnownFileType = sourcecode.c.h; path = AppDelegate.h; sourceTree = "<group>"; };
		09A777101A11E2BD004AF902 /* AppDelegate.m */ = {isa = PBXFileReference; fileEncoding = 4; lastKnownFileType = sourcecode.c.objc; path = AppDelegate.m; sourceTree = "<group>"; };
		09A777111A11E2BD004AF902 /* main.m */ = {isa = PBXFileReference; fileEncoding = 4; lastKnownFileType = sourcecode.c.objc; path = main.m; sourceTree = "<group>"; };
		09A777171A11E2BD004AF902 /* ViewController.h */ = {isa = PBXFileReference; fileEncoding = 4; lastKnownFileType = sourcecode.c.h; path = ViewController.h; sourceTree = "<group>"; };
		09A777181A11E2BD004AF902 /* ViewController.m */ = {isa = PBXFileReference; fileEncoding = 4; lastKnownFileType = sourcecode.c.objc; path = ViewController.m; sourceTree = "<group>"; };
		09A7771D1A11E2BD004AF902 /* Base */ = {isa = PBXFileReference; lastKnownFileType = file.xib; name = Base; path = Base.lproj/LaunchScreen.xib; sourceTree = "<group>"; };
		09A7771F1A11E2BD004AF902 /* Base */ = {isa = PBXFileReference; lastKnownFileType = file.storyboard; name = Base; path = Base.lproj/Main.storyboard; sourceTree = "<group>"; };
		09A777201A11E2BD004AF902 /* Images.xcassets */ = {isa = PBXFileReference; lastKnownFileType = folder.assetcatalog; path = Images.xcassets; sourceTree = "<group>"; };
		09A777211A11E2BD004AF902 /* Settings.bundle */ = {isa = PBXFileReference; lastKnownFileType = "wrapper.plug-in"; path = Settings.bundle; sourceTree = "<group>"; };
		09A777261A11E2BD004AF902 /* Info.plist */ = {isa = PBXFileReference; fileEncoding = 4; lastKnownFileType = text.plist.xml; path = Info.plist; sourceTree = "<group>"; };
		09A777271A11E2BD004AF902 /* KZBEnvironments.plist */ = {isa = PBXFileReference; fileEncoding = 4; lastKnownFileType = text.plist.xml; path = KZBEnvironments.plist; sourceTree = "<group>"; };
		09A777281A11E2BD004AF902 /* KZBootstrapUserMacros.h */ = {isa = PBXFileReference; fileEncoding = 4; lastKnownFileType = sourcecode.c.h; path = KZBootstrapUserMacros.h; sourceTree = "<group>"; };
		09A777291A11E2BD004AF902 /* PrefixHeader.pch */ = {isa = PBXFileReference; fileEncoding = 4; lastKnownFileType = sourcecode.c.h; path = PrefixHeader.pch; sourceTree = "<group>"; };
		09ABE1781A1326F300989ECA /* EWMainViewController.h */ = {isa = PBXFileReference; fileEncoding = 4; lastKnownFileType = sourcecode.c.h; path = EWMainViewController.h; sourceTree = "<group>"; };
		09ABE1791A1326F300989ECA /* EWMainViewController.m */ = {isa = PBXFileReference; fileEncoding = 4; lastKnownFileType = sourcecode.c.objc; path = EWMainViewController.m; sourceTree = "<group>"; };
		09ABE17B1A13270000989ECA /* EWLoginGateViewController.h */ = {isa = PBXFileReference; fileEncoding = 4; lastKnownFileType = sourcecode.c.h; path = EWLoginGateViewController.h; sourceTree = "<group>"; };
		09ABE17C1A13270000989ECA /* EWLoginGateViewController.m */ = {isa = PBXFileReference; fileEncoding = 4; lastKnownFileType = sourcecode.c.objc; path = EWLoginGateViewController.m; sourceTree = "<group>"; };
		09ABE17E1A13285400989ECA /* EWBaseViewController.h */ = {isa = PBXFileReference; fileEncoding = 4; lastKnownFileType = sourcecode.c.h; path = EWBaseViewController.h; sourceTree = "<group>"; };
		09ABE17F1A13285400989ECA /* EWBaseViewController.m */ = {isa = PBXFileReference; fileEncoding = 4; lastKnownFileType = sourcecode.c.objc; path = EWBaseViewController.m; sourceTree = "<group>"; };
		09ABE1851A132DF900989ECA /* EWBaseNavigationController.h */ = {isa = PBXFileReference; fileEncoding = 4; lastKnownFileType = sourcecode.c.h; path = EWBaseNavigationController.h; sourceTree = "<group>"; };
		09ABE1861A132DF900989ECA /* EWBaseNavigationController.m */ = {isa = PBXFileReference; fileEncoding = 4; lastKnownFileType = sourcecode.c.objc; path = EWBaseNavigationController.m; sourceTree = "<group>"; };
		09DF4F0D1A14349300BEA328 /* EWDefines.h */ = {isa = PBXFileReference; fileEncoding = 4; lastKnownFileType = sourcecode.c.h; path = EWDefines.h; sourceTree = "<group>"; };
		09DF4F121A1434AF00BEA328 /* EarlyWorm 2.xcdatamodel */ = {isa = PBXFileReference; lastKnownFileType = wrapper.xcdatamodel; path = "EarlyWorm 2.xcdatamodel"; sourceTree = "<group>"; };
		09DF4F131A1434AF00BEA328 /* EarlyWorm.xcdatamodel */ = {isa = PBXFileReference; lastKnownFileType = wrapper.xcdatamodel; path = EarlyWorm.xcdatamodel; sourceTree = "<group>"; };
		09DF4F141A1434AF00BEA328 /* EWAchievement.h */ = {isa = PBXFileReference; fileEncoding = 4; lastKnownFileType = sourcecode.c.h; path = EWAchievement.h; sourceTree = "<group>"; };
		09DF4F151A1434AF00BEA328 /* EWAchievement.m */ = {isa = PBXFileReference; fileEncoding = 4; lastKnownFileType = sourcecode.c.objc; path = EWAchievement.m; sourceTree = "<group>"; };
		09DF4F161A1434AF00BEA328 /* EWActivity.h */ = {isa = PBXFileReference; fileEncoding = 4; lastKnownFileType = sourcecode.c.h; path = EWActivity.h; sourceTree = "<group>"; };
		09DF4F171A1434AF00BEA328 /* EWActivity.m */ = {isa = PBXFileReference; fileEncoding = 4; lastKnownFileType = sourcecode.c.objc; lineEnding = 0; path = EWActivity.m; sourceTree = "<group>"; xcLanguageSpecificationIdentifier = xcode.lang.objc; };
		09DF4F181A1434AF00BEA328 /* EWAlarm.h */ = {isa = PBXFileReference; fileEncoding = 4; lastKnownFileType = sourcecode.c.h; path = EWAlarm.h; sourceTree = "<group>"; };
		09DF4F191A1434AF00BEA328 /* EWAlarm.m */ = {isa = PBXFileReference; fileEncoding = 4; lastKnownFileType = sourcecode.c.objc; lineEnding = 0; path = EWAlarm.m; sourceTree = "<group>"; xcLanguageSpecificationIdentifier = xcode.lang.objc; };
		09DF4F1A1A1434AF00BEA328 /* EWGroup.h */ = {isa = PBXFileReference; fileEncoding = 4; lastKnownFileType = sourcecode.c.h; path = EWGroup.h; sourceTree = "<group>"; };
		09DF4F1B1A1434AF00BEA328 /* EWGroup.m */ = {isa = PBXFileReference; fileEncoding = 4; lastKnownFileType = sourcecode.c.objc; path = EWGroup.m; sourceTree = "<group>"; };
		09DF4F1C1A1434AF00BEA328 /* EWGroupTask.h */ = {isa = PBXFileReference; fileEncoding = 4; lastKnownFileType = sourcecode.c.h; path = EWGroupTask.h; sourceTree = "<group>"; };
		09DF4F1D1A1434AF00BEA328 /* EWGroupTask.m */ = {isa = PBXFileReference; fileEncoding = 4; lastKnownFileType = sourcecode.c.objc; path = EWGroupTask.m; sourceTree = "<group>"; };
		09DF4F1E1A1434AF00BEA328 /* EWMedia.h */ = {isa = PBXFileReference; fileEncoding = 4; lastKnownFileType = sourcecode.c.h; path = EWMedia.h; sourceTree = "<group>"; };
		09DF4F1F1A1434AF00BEA328 /* EWMedia.m */ = {isa = PBXFileReference; fileEncoding = 4; lastKnownFileType = sourcecode.c.objc; lineEnding = 0; path = EWMedia.m; sourceTree = "<group>"; xcLanguageSpecificationIdentifier = xcode.lang.objc; };
		09DF4F201A1434AF00BEA328 /* EWMediaFile.h */ = {isa = PBXFileReference; fileEncoding = 4; lastKnownFileType = sourcecode.c.h; path = EWMediaFile.h; sourceTree = "<group>"; };
		09DF4F211A1434AF00BEA328 /* EWMediaFile.m */ = {isa = PBXFileReference; fileEncoding = 4; lastKnownFileType = sourcecode.c.objc; path = EWMediaFile.m; sourceTree = "<group>"; };
		09DF4F221A1434AF00BEA328 /* EWMeidaFile.h */ = {isa = PBXFileReference; fileEncoding = 4; lastKnownFileType = sourcecode.c.h; path = EWMeidaFile.h; sourceTree = "<group>"; };
		09DF4F231A1434AF00BEA328 /* EWMeidaFile.m */ = {isa = PBXFileReference; fileEncoding = 4; lastKnownFileType = sourcecode.c.objc; path = EWMeidaFile.m; sourceTree = "<group>"; };
		09DF4F241A1434AF00BEA328 /* EWMessage.h */ = {isa = PBXFileReference; fileEncoding = 4; lastKnownFileType = sourcecode.c.h; path = EWMessage.h; sourceTree = "<group>"; };
		09DF4F251A1434AF00BEA328 /* EWMessage.m */ = {isa = PBXFileReference; fileEncoding = 4; lastKnownFileType = sourcecode.c.objc; path = EWMessage.m; sourceTree = "<group>"; };
		09DF4F261A1434AF00BEA328 /* EWNotification.h */ = {isa = PBXFileReference; fileEncoding = 4; lastKnownFileType = sourcecode.c.h; path = EWNotification.h; sourceTree = "<group>"; };
		09DF4F271A1434AF00BEA328 /* EWNotification.m */ = {isa = PBXFileReference; fileEncoding = 4; lastKnownFileType = sourcecode.c.objc; lineEnding = 0; path = EWNotification.m; sourceTree = "<group>"; xcLanguageSpecificationIdentifier = xcode.lang.objc; };
		09DF4F281A1434AF00BEA328 /* EWPerson.h */ = {isa = PBXFileReference; fileEncoding = 4; lastKnownFileType = sourcecode.c.h; path = EWPerson.h; sourceTree = "<group>"; };
		09DF4F291A1434AF00BEA328 /* EWPerson.m */ = {isa = PBXFileReference; fileEncoding = 4; lastKnownFileType = sourcecode.c.objc; lineEnding = 0; path = EWPerson.m; sourceTree = "<group>"; xcLanguageSpecificationIdentifier = xcode.lang.objc; };
		09DF4F2A1A1434AF00BEA328 /* EWServerObject.h */ = {isa = PBXFileReference; fileEncoding = 4; lastKnownFileType = sourcecode.c.h; path = EWServerObject.h; sourceTree = "<group>"; };
		09DF4F2B1A1434AF00BEA328 /* EWServerObject.m */ = {isa = PBXFileReference; fileEncoding = 4; lastKnownFileType = sourcecode.c.objc; path = EWServerObject.m; sourceTree = "<group>"; };
		09DF4F2C1A1434AF00BEA328 /* EWTaskItem.h */ = {isa = PBXFileReference; fileEncoding = 4; lastKnownFileType = sourcecode.c.h; path = EWTaskItem.h; sourceTree = "<group>"; };
		09DF4F2D1A1434AF00BEA328 /* EWTaskItem.m */ = {isa = PBXFileReference; fileEncoding = 4; lastKnownFileType = sourcecode.c.objc; path = EWTaskItem.m; sourceTree = "<group>"; };
		09DF4F2F1A1434AF00BEA328 /* _EWAchievement.h */ = {isa = PBXFileReference; fileEncoding = 4; lastKnownFileType = sourcecode.c.h; path = _EWAchievement.h; sourceTree = "<group>"; };
		09DF4F301A1434AF00BEA328 /* _EWAchievement.m */ = {isa = PBXFileReference; fileEncoding = 4; lastKnownFileType = sourcecode.c.objc; path = _EWAchievement.m; sourceTree = "<group>"; };
		09DF4F311A1434AF00BEA328 /* _EWActivity.h */ = {isa = PBXFileReference; fileEncoding = 4; lastKnownFileType = sourcecode.c.h; path = _EWActivity.h; sourceTree = "<group>"; };
		09DF4F321A1434AF00BEA328 /* _EWActivity.m */ = {isa = PBXFileReference; fileEncoding = 4; lastKnownFileType = sourcecode.c.objc; path = _EWActivity.m; sourceTree = "<group>"; };
		09DF4F331A1434AF00BEA328 /* _EWAlarm.h */ = {isa = PBXFileReference; fileEncoding = 4; lastKnownFileType = sourcecode.c.h; path = _EWAlarm.h; sourceTree = "<group>"; };
		09DF4F341A1434AF00BEA328 /* _EWAlarm.m */ = {isa = PBXFileReference; fileEncoding = 4; lastKnownFileType = sourcecode.c.objc; path = _EWAlarm.m; sourceTree = "<group>"; };
		09DF4F351A1434AF00BEA328 /* _EWGroup.h */ = {isa = PBXFileReference; fileEncoding = 4; lastKnownFileType = sourcecode.c.h; path = _EWGroup.h; sourceTree = "<group>"; };
		09DF4F361A1434AF00BEA328 /* _EWGroup.m */ = {isa = PBXFileReference; fileEncoding = 4; lastKnownFileType = sourcecode.c.objc; path = _EWGroup.m; sourceTree = "<group>"; };
		09DF4F371A1434AF00BEA328 /* _EWGroupTask.h */ = {isa = PBXFileReference; fileEncoding = 4; lastKnownFileType = sourcecode.c.h; path = _EWGroupTask.h; sourceTree = "<group>"; };
		09DF4F381A1434AF00BEA328 /* _EWGroupTask.m */ = {isa = PBXFileReference; fileEncoding = 4; lastKnownFileType = sourcecode.c.objc; path = _EWGroupTask.m; sourceTree = "<group>"; };
		09DF4F391A1434AF00BEA328 /* _EWMedia.h */ = {isa = PBXFileReference; fileEncoding = 4; lastKnownFileType = sourcecode.c.h; path = _EWMedia.h; sourceTree = "<group>"; };
		09DF4F3A1A1434AF00BEA328 /* _EWMedia.m */ = {isa = PBXFileReference; fileEncoding = 4; lastKnownFileType = sourcecode.c.objc; path = _EWMedia.m; sourceTree = "<group>"; };
		09DF4F3B1A1434AF00BEA328 /* _EWMediaFile.h */ = {isa = PBXFileReference; fileEncoding = 4; lastKnownFileType = sourcecode.c.h; path = _EWMediaFile.h; sourceTree = "<group>"; };
		09DF4F3C1A1434AF00BEA328 /* _EWMediaFile.m */ = {isa = PBXFileReference; fileEncoding = 4; lastKnownFileType = sourcecode.c.objc; path = _EWMediaFile.m; sourceTree = "<group>"; };
		09DF4F3D1A1434AF00BEA328 /* _EWMessage.h */ = {isa = PBXFileReference; fileEncoding = 4; lastKnownFileType = sourcecode.c.h; path = _EWMessage.h; sourceTree = "<group>"; };
		09DF4F3E1A1434AF00BEA328 /* _EWMessage.m */ = {isa = PBXFileReference; fileEncoding = 4; lastKnownFileType = sourcecode.c.objc; path = _EWMessage.m; sourceTree = "<group>"; };
		09DF4F3F1A1434AF00BEA328 /* _EWNotification.h */ = {isa = PBXFileReference; fileEncoding = 4; lastKnownFileType = sourcecode.c.h; path = _EWNotification.h; sourceTree = "<group>"; };
		09DF4F401A1434AF00BEA328 /* _EWNotification.m */ = {isa = PBXFileReference; fileEncoding = 4; lastKnownFileType = sourcecode.c.objc; path = _EWNotification.m; sourceTree = "<group>"; };
		09DF4F411A1434AF00BEA328 /* _EWPerson.h */ = {isa = PBXFileReference; fileEncoding = 4; lastKnownFileType = sourcecode.c.h; path = _EWPerson.h; sourceTree = "<group>"; };
		09DF4F421A1434AF00BEA328 /* _EWPerson.m */ = {isa = PBXFileReference; fileEncoding = 4; lastKnownFileType = sourcecode.c.objc; path = _EWPerson.m; sourceTree = "<group>"; };
		09DF4F431A1434AF00BEA328 /* _EWServerObject.h */ = {isa = PBXFileReference; fileEncoding = 4; lastKnownFileType = sourcecode.c.h; path = _EWServerObject.h; sourceTree = "<group>"; };
		09DF4F441A1434AF00BEA328 /* _EWServerObject.m */ = {isa = PBXFileReference; fileEncoding = 4; lastKnownFileType = sourcecode.c.objc; path = _EWServerObject.m; sourceTree = "<group>"; };
		09DF4F451A1434AF00BEA328 /* _EWSocialGraph.h */ = {isa = PBXFileReference; fileEncoding = 4; lastKnownFileType = sourcecode.c.h; path = _EWSocialGraph.h; sourceTree = "<group>"; };
		09DF4F461A1434AF00BEA328 /* _EWSocialGraph.m */ = {isa = PBXFileReference; fileEncoding = 4; lastKnownFileType = sourcecode.c.objc; path = _EWSocialGraph.m; sourceTree = "<group>"; };
		09DF4F471A1434AF00BEA328 /* _EWTaskItem.h */ = {isa = PBXFileReference; fileEncoding = 4; lastKnownFileType = sourcecode.c.h; path = _EWTaskItem.h; sourceTree = "<group>"; };
		09DF4F481A1434AF00BEA328 /* _EWTaskItem.m */ = {isa = PBXFileReference; fileEncoding = 4; lastKnownFileType = sourcecode.c.objc; path = _EWTaskItem.m; sourceTree = "<group>"; };
		09DF4F4A1A1434AF00BEA328 /* EWActivityManager.h */ = {isa = PBXFileReference; fileEncoding = 4; lastKnownFileType = sourcecode.c.h; path = EWActivityManager.h; sourceTree = "<group>"; };
		09DF4F4B1A1434AF00BEA328 /* EWActivityManager.m */ = {isa = PBXFileReference; fileEncoding = 4; lastKnownFileType = sourcecode.c.objc; path = EWActivityManager.m; sourceTree = "<group>"; };
		09DF4F4C1A1434AF00BEA328 /* EWAlarmManager.h */ = {isa = PBXFileReference; fileEncoding = 4; lastKnownFileType = sourcecode.c.h; path = EWAlarmManager.h; sourceTree = "<group>"; };
		09DF4F4D1A1434AF00BEA328 /* EWAlarmManager.m */ = {isa = PBXFileReference; fileEncoding = 4; lastKnownFileType = sourcecode.c.objc; lineEnding = 0; path = EWAlarmManager.m; sourceTree = "<group>"; xcLanguageSpecificationIdentifier = xcode.lang.objc; };
		09DF4F4E1A1434AF00BEA328 /* EWBackgroundingManager.h */ = {isa = PBXFileReference; fileEncoding = 4; lastKnownFileType = sourcecode.c.h; path = EWBackgroundingManager.h; sourceTree = "<group>"; };
		09DF4F4F1A1434AF00BEA328 /* EWBackgroundingManager.m */ = {isa = PBXFileReference; fileEncoding = 4; lastKnownFileType = sourcecode.c.objc; path = EWBackgroundingManager.m; sourceTree = "<group>"; };
		09DF4F501A1434AF00BEA328 /* EWBlockTypes.h */ = {isa = PBXFileReference; fileEncoding = 4; lastKnownFileType = sourcecode.c.h; path = EWBlockTypes.h; sourceTree = "<group>"; };
		09DF4F511A1434AF00BEA328 /* EWDataStore.h */ = {isa = PBXFileReference; fileEncoding = 4; lastKnownFileType = sourcecode.c.h; path = EWDataStore.h; sourceTree = "<group>"; };
		09DF4F521A1434AF00BEA328 /* EWDataStore.m */ = {isa = PBXFileReference; fileEncoding = 4; lastKnownFileType = sourcecode.c.objc; path = EWDataStore.m; sourceTree = "<group>"; };
		09DF4F531A1434AF00BEA328 /* EWGroupStore.h */ = {isa = PBXFileReference; fileEncoding = 4; lastKnownFileType = sourcecode.c.h; path = EWGroupStore.h; sourceTree = "<group>"; };
		09DF4F541A1434AF00BEA328 /* EWGroupStore.m */ = {isa = PBXFileReference; fileEncoding = 4; lastKnownFileType = sourcecode.c.objc; path = EWGroupStore.m; sourceTree = "<group>"; };
		09DF4F551A1434AF00BEA328 /* EWImageStore.h */ = {isa = PBXFileReference; fileEncoding = 4; lastKnownFileType = sourcecode.c.h; path = EWImageStore.h; sourceTree = "<group>"; };
		09DF4F561A1434AF00BEA328 /* EWImageStore.m */ = {isa = PBXFileReference; fileEncoding = 4; lastKnownFileType = sourcecode.c.objc; path = EWImageStore.m; sourceTree = "<group>"; };
		09DF4F571A1434AF00BEA328 /* EWMediaManager.h */ = {isa = PBXFileReference; fileEncoding = 4; lastKnownFileType = sourcecode.c.h; path = EWMediaManager.h; sourceTree = "<group>"; };
		09DF4F581A1434AF00BEA328 /* EWMediaManager.m */ = {isa = PBXFileReference; fileEncoding = 4; lastKnownFileType = sourcecode.c.objc; lineEnding = 0; path = EWMediaManager.m; sourceTree = "<group>"; xcLanguageSpecificationIdentifier = xcode.lang.objc; };
		09DF4F591A1434AF00BEA328 /* EWNotificationManager.h */ = {isa = PBXFileReference; fileEncoding = 4; lastKnownFileType = sourcecode.c.h; path = EWNotificationManager.h; sourceTree = "<group>"; };
		09DF4F5A1A1434AF00BEA328 /* EWNotificationManager.m */ = {isa = PBXFileReference; fileEncoding = 4; lastKnownFileType = sourcecode.c.objc; path = EWNotificationManager.m; sourceTree = "<group>"; };
		09DF4F5B1A1434AF00BEA328 /* EWPersonManager.h */ = {isa = PBXFileReference; fileEncoding = 4; lastKnownFileType = sourcecode.c.h; path = EWPersonManager.h; sourceTree = "<group>"; };
		09DF4F5C1A1434AF00BEA328 /* EWPersonManager.m */ = {isa = PBXFileReference; fileEncoding = 4; lastKnownFileType = sourcecode.c.objc; lineEnding = 0; path = EWPersonManager.m; sourceTree = "<group>"; xcLanguageSpecificationIdentifier = xcode.lang.objc; };
		09DF4F5D1A1434AF00BEA328 /* EWServer.h */ = {isa = PBXFileReference; fileEncoding = 4; lastKnownFileType = sourcecode.c.h; path = EWServer.h; sourceTree = "<group>"; };
		09DF4F5E1A1434AF00BEA328 /* EWServer.m */ = {isa = PBXFileReference; fileEncoding = 4; lastKnownFileType = sourcecode.c.objc; lineEnding = 0; path = EWServer.m; sourceTree = "<group>"; xcLanguageSpecificationIdentifier = xcode.lang.objc; };
		09DF4F5F1A1434AF00BEA328 /* EWSession.h */ = {isa = PBXFileReference; fileEncoding = 4; lastKnownFileType = sourcecode.c.h; path = EWSession.h; sourceTree = "<group>"; };
		09DF4F601A1434AF00BEA328 /* EWSession.m */ = {isa = PBXFileReference; fileEncoding = 4; lastKnownFileType = sourcecode.c.objc; path = EWSession.m; sourceTree = "<group>"; };
		09DF4F611A1434AF00BEA328 /* EWSocialGraphManager.h */ = {isa = PBXFileReference; fileEncoding = 4; lastKnownFileType = sourcecode.c.h; path = EWSocialGraphManager.h; sourceTree = "<group>"; };
		09DF4F621A1434AF00BEA328 /* EWSocialGraphManager.m */ = {isa = PBXFileReference; fileEncoding = 4; lastKnownFileType = sourcecode.c.objc; lineEnding = 0; path = EWSocialGraphManager.m; sourceTree = "<group>"; xcLanguageSpecificationIdentifier = xcode.lang.objc; };
		09DF4F631A1434AF00BEA328 /* EWSync.h */ = {isa = PBXFileReference; fileEncoding = 4; lastKnownFileType = sourcecode.c.h; path = EWSync.h; sourceTree = "<group>"; };
		09DF4F641A1434AF00BEA328 /* EWSync.m */ = {isa = PBXFileReference; fileEncoding = 4; lastKnownFileType = sourcecode.c.objc; lineEnding = 0; path = EWSync.m; sourceTree = "<group>"; xcLanguageSpecificationIdentifier = xcode.lang.objc; };
		09DF4F651A1434AF00BEA328 /* EWTaskManager.h */ = {isa = PBXFileReference; fileEncoding = 4; lastKnownFileType = sourcecode.c.h; path = EWTaskManager.h; sourceTree = "<group>"; };
		09DF4F661A1434AF00BEA328 /* EWTaskManager.m */ = {isa = PBXFileReference; fileEncoding = 4; lastKnownFileType = sourcecode.c.objc; lineEnding = 0; path = EWTaskManager.m; sourceTree = "<group>"; xcLanguageSpecificationIdentifier = xcode.lang.objc; };
		09DF4F671A1434AF00BEA328 /* EWUserManagement.h */ = {isa = PBXFileReference; fileEncoding = 4; lastKnownFileType = sourcecode.c.h; path = EWUserManagement.h; sourceTree = "<group>"; };
		09DF4F681A1434AF00BEA328 /* EWUserManagement.m */ = {isa = PBXFileReference; fileEncoding = 4; lastKnownFileType = sourcecode.c.objc; lineEnding = 0; path = EWUserManagement.m; sourceTree = "<group>"; xcLanguageSpecificationIdentifier = xcode.lang.objc; };
		09DF4F691A1434AF00BEA328 /* EWUtil.h */ = {isa = PBXFileReference; fileEncoding = 4; lastKnownFileType = sourcecode.c.h; path = EWUtil.h; sourceTree = "<group>"; };
		09DF4F6A1A1434AF00BEA328 /* EWUtil.m */ = {isa = PBXFileReference; fileEncoding = 4; lastKnownFileType = sourcecode.c.objc; path = EWUtil.m; sourceTree = "<group>"; };
		09DF4F6B1A1434AF00BEA328 /* EWWakeUpManager.h */ = {isa = PBXFileReference; fileEncoding = 4; lastKnownFileType = sourcecode.c.h; path = EWWakeUpManager.h; sourceTree = "<group>"; };
		09DF4F6C1A1434AF00BEA328 /* EWWakeUpManager.m */ = {isa = PBXFileReference; fileEncoding = 4; lastKnownFileType = sourcecode.c.objc; lineEnding = 0; path = EWWakeUpManager.m; sourceTree = "<group>"; xcLanguageSpecificationIdentifier = xcode.lang.objc; };
		09DF4F6D1A1434AF00BEA328 /* NSManagedObject+EWSync.h */ = {isa = PBXFileReference; fileEncoding = 4; lastKnownFileType = sourcecode.c.h; path = "NSManagedObject+EWSync.h"; sourceTree = "<group>"; };
		09DF4F6E1A1434AF00BEA328 /* NSManagedObject+EWSync.m */ = {isa = PBXFileReference; fileEncoding = 4; lastKnownFileType = sourcecode.c.objc; lineEnding = 0; path = "NSManagedObject+EWSync.m"; sourceTree = "<group>"; xcLanguageSpecificationIdentifier = xcode.lang.objc; };
		09DF4F6F1A1434AF00BEA328 /* PFObject+EWSync.h */ = {isa = PBXFileReference; fileEncoding = 4; lastKnownFileType = sourcecode.c.h; path = "PFObject+EWSync.h"; sourceTree = "<group>"; };
		09DF4F701A1434AF00BEA328 /* PFObject+EWSync.m */ = {isa = PBXFileReference; fileEncoding = 4; lastKnownFileType = sourcecode.c.objc; lineEnding = 0; path = "PFObject+EWSync.m"; sourceTree = "<group>"; xcLanguageSpecificationIdentifier = xcode.lang.objc; };
		09DF4F711A1434AF00BEA328 /* PFQuery+EWQuery.h */ = {isa = PBXFileReference; fileEncoding = 4; lastKnownFileType = sourcecode.c.h; path = "PFQuery+EWQuery.h"; sourceTree = "<group>"; };
		09DF4F721A1434AF00BEA328 /* PFQuery+EWQuery.m */ = {isa = PBXFileReference; fileEncoding = 4; lastKnownFileType = sourcecode.c.objc; path = "PFQuery+EWQuery.m"; sourceTree = "<group>"; };
		0E66A2BAB09D55A75050CC5A /* Pods-Woke.debug.xcconfig */ = {isa = PBXFileReference; includeInIndex = 1; lastKnownFileType = text.xcconfig; name = "Pods-Woke.debug.xcconfig"; path = "Pods/Target Support Files/Pods-Woke/Pods-Woke.debug.xcconfig"; sourceTree = "<group>"; };
		1D40004B4E0E7D6FFBEACCF3 /* Pods-Woke.release.xcconfig */ = {isa = PBXFileReference; includeInIndex = 1; lastKnownFileType = text.xcconfig; name = "Pods-Woke.release.xcconfig"; path = "Pods/Target Support Files/Pods-Woke/Pods-Woke.release.xcconfig"; sourceTree = "<group>"; };
		568DCB0FA022C50526C1D44B /* Pods-Woke.profiling.xcconfig */ = {isa = PBXFileReference; includeInIndex = 1; lastKnownFileType = text.xcconfig; name = "Pods-Woke.profiling.xcconfig"; path = "Pods/Target Support Files/Pods-Woke/Pods-Woke.profiling.xcconfig"; sourceTree = "<group>"; };
		9B22CF6C1A14470000DDB251 /* GPUImageAnimator.m */ = {isa = PBXFileReference; fileEncoding = 4; lastKnownFileType = sourcecode.c.objc; path = GPUImageAnimator.m; sourceTree = "<group>"; };
		9B22CF6D1A14470000DDB251 /* GPUImageAnimator.h */ = {isa = PBXFileReference; fileEncoding = 4; lastKnownFileType = sourcecode.c.h; path = GPUImageAnimator.h; sourceTree = "<group>"; };
		9B22CF6F1A14471A00DDB251 /* NavigationControllerDelegate.h */ = {isa = PBXFileReference; fileEncoding = 4; lastKnownFileType = sourcecode.c.h; path = NavigationControllerDelegate.h; sourceTree = "<group>"; };
		9B22CF701A14471A00DDB251 /* NavigationControllerDelegate.m */ = {isa = PBXFileReference; fileEncoding = 4; lastKnownFileType = sourcecode.c.objc; lineEnding = 0; path = NavigationControllerDelegate.m; sourceTree = "<group>"; xcLanguageSpecificationIdentifier = xcode.lang.objc; };
		9B22CF841A144C6900DDB251 /* NSDate+Extend.h */ = {isa = PBXFileReference; fileEncoding = 4; lastKnownFileType = sourcecode.c.h; path = "NSDate+Extend.h"; sourceTree = "<group>"; };
		9B22CF851A144C6900DDB251 /* NSDate+Extend.m */ = {isa = PBXFileReference; fileEncoding = 4; lastKnownFileType = sourcecode.c.objc; path = "NSDate+Extend.m"; sourceTree = "<group>"; };
		9B22CF861A144C6900DDB251 /* NSManagedObjectContext+ChainSave.h */ = {isa = PBXFileReference; fileEncoding = 4; lastKnownFileType = sourcecode.c.h; path = "NSManagedObjectContext+ChainSave.h"; sourceTree = "<group>"; };
		9B22CF871A144C6900DDB251 /* NSManagedObjectContext+ChainSave.m */ = {isa = PBXFileReference; fileEncoding = 4; lastKnownFileType = sourcecode.c.objc; path = "NSManagedObjectContext+ChainSave.m"; sourceTree = "<group>"; };
		9B22CF881A144C6900DDB251 /* NSString+Extend.h */ = {isa = PBXFileReference; fileEncoding = 4; lastKnownFileType = sourcecode.c.h; path = "NSString+Extend.h"; sourceTree = "<group>"; };
		9B22CF891A144C6900DDB251 /* NSString+Extend.m */ = {isa = PBXFileReference; fileEncoding = 4; lastKnownFileType = sourcecode.c.objc; path = "NSString+Extend.m"; sourceTree = "<group>"; };
		9BDF607D1A14915B009E3C4A /* EWAVManager.h */ = {isa = PBXFileReference; fileEncoding = 4; lastKnownFileType = sourcecode.c.h; lineEnding = 0; path = EWAVManager.h; sourceTree = "<group>"; xcLanguageSpecificationIdentifier = xcode.lang.objcpp; };
		9BDF607E1A14915B009E3C4A /* EWAVManager.m */ = {isa = PBXFileReference; fileEncoding = 4; lastKnownFileType = sourcecode.c.objc; lineEnding = 0; path = EWAVManager.m; sourceTree = "<group>"; xcLanguageSpecificationIdentifier = xcode.lang.objc; };
		9BDF60891A149339009E3C4A /* EWMediaCell.h */ = {isa = PBXFileReference; fileEncoding = 4; lastKnownFileType = sourcecode.c.h; path = EWMediaCell.h; sourceTree = "<group>"; };
		9BDF608A1A149339009E3C4A /* EWMediaCell.m */ = {isa = PBXFileReference; fileEncoding = 4; lastKnownFileType = sourcecode.c.objc; lineEnding = 0; path = EWMediaCell.m; sourceTree = "<group>"; xcLanguageSpecificationIdentifier = xcode.lang.objc; };
		9BDF608B1A149339009E3C4A /* EWMediaCell.xib */ = {isa = PBXFileReference; fileEncoding = 4; lastKnownFileType = file.xib; path = EWMediaCell.xib; sourceTree = "<group>"; };
		9BDF608E1A149569009E3C4A /* EWMediaSlider.h */ = {isa = PBXFileReference; fileEncoding = 4; lastKnownFileType = sourcecode.c.h; path = EWMediaSlider.h; sourceTree = "<group>"; };
		9BDF608F1A149569009E3C4A /* EWMediaSlider.m */ = {isa = PBXFileReference; fileEncoding = 4; lastKnownFileType = sourcecode.c.objc; path = EWMediaSlider.m; sourceTree = "<group>"; };
		9BDF60921A149685009E3C4A /* SCSiriWaveformView.h */ = {isa = PBXFileReference; fileEncoding = 4; lastKnownFileType = sourcecode.c.h; path = SCSiriWaveformView.h; sourceTree = "<group>"; };
		9BDF60931A149685009E3C4A /* SCSiriWaveformView.m */ = {isa = PBXFileReference; fileEncoding = 4; lastKnownFileType = sourcecode.c.objc; path = SCSiriWaveformView.m; sourceTree = "<group>"; };
		9BDF60951A149909009E3C4A /* EWAlarmScheduleViewController.h */ = {isa = PBXFileReference; fileEncoding = 4; lastKnownFileType = sourcecode.c.h; path = EWAlarmScheduleViewController.h; sourceTree = "<group>"; };
		9BDF60961A149909009E3C4A /* EWAlarmScheduleViewController.m */ = {isa = PBXFileReference; fileEncoding = 4; lastKnownFileType = sourcecode.c.objc; path = EWAlarmScheduleViewController.m; sourceTree = "<group>"; };
		9BDF60981A149920009E3C4A /* EWPersonViewController.h */ = {isa = PBXFileReference; fileEncoding = 4; lastKnownFileType = sourcecode.c.h; path = EWPersonViewController.h; sourceTree = "<group>"; };
		9BDF60991A149920009E3C4A /* EWPersonViewController.m */ = {isa = PBXFileReference; fileEncoding = 4; lastKnownFileType = sourcecode.c.objc; path = EWPersonViewController.m; sourceTree = "<group>"; };
		9BDF609B1A149960009E3C4A /* EWUIUtil.h */ = {isa = PBXFileReference; fileEncoding = 4; lastKnownFileType = sourcecode.c.h; path = EWUIUtil.h; sourceTree = "<group>"; };
		9BDF609C1A149960009E3C4A /* EWUIUtil.m */ = {isa = PBXFileReference; fileEncoding = 4; lastKnownFileType = sourcecode.c.objc; path = EWUIUtil.m; sourceTree = "<group>"; };
		9BDF609E1A1499D6009E3C4A /* UIView+Extend.h */ = {isa = PBXFileReference; fileEncoding = 4; lastKnownFileType = sourcecode.c.h; path = "UIView+Extend.h"; sourceTree = "<group>"; };
		9BDF609F1A1499D6009E3C4A /* UIView+Extend.m */ = {isa = PBXFileReference; fileEncoding = 4; lastKnownFileType = sourcecode.c.objc; path = "UIView+Extend.m"; sourceTree = "<group>"; };
		9BDF60A01A1499D6009E3C4A /* UIView+Layout.h */ = {isa = PBXFileReference; fileEncoding = 4; lastKnownFileType = sourcecode.c.h; path = "UIView+Layout.h"; sourceTree = "<group>"; };
		9BDF60A11A1499D6009E3C4A /* UIView+Layout.m */ = {isa = PBXFileReference; fileEncoding = 4; lastKnownFileType = sourcecode.c.objc; path = "UIView+Layout.m"; sourceTree = "<group>"; };
		9BDF60A41A149A15009E3C4A /* UIView+Blur.h */ = {isa = PBXFileReference; fileEncoding = 4; lastKnownFileType = sourcecode.c.h; path = "UIView+Blur.h"; sourceTree = "<group>"; };
		9BDF60A51A149A15009E3C4A /* UIView+Blur.m */ = {isa = PBXFileReference; fileEncoding = 4; lastKnownFileType = sourcecode.c.objc; path = "UIView+Blur.m"; sourceTree = "<group>"; };
		9BDF60A61A149A15009E3C4A /* UIViewController+Blur.h */ = {isa = PBXFileReference; fileEncoding = 4; lastKnownFileType = sourcecode.c.h; path = "UIViewController+Blur.h"; sourceTree = "<group>"; };
		9BDF60A71A149A15009E3C4A /* UIViewController+Blur.m */ = {isa = PBXFileReference; fileEncoding = 4; lastKnownFileType = sourcecode.c.objc; path = "UIViewController+Blur.m"; sourceTree = "<group>"; };
		B50BC7368D3FED2D74B92DCB /* Pods-Woke.adhoc.xcconfig */ = {isa = PBXFileReference; includeInIndex = 1; lastKnownFileType = text.xcconfig; name = "Pods-Woke.adhoc.xcconfig"; path = "Pods/Target Support Files/Pods-Woke/Pods-Woke.adhoc.xcconfig"; sourceTree = "<group>"; };
		B95C7310A02172389FEF1951 /* libPods-Woke.a */ = {isa = PBXFileReference; explicitFileType = archive.ar; includeInIndex = 0; path = "libPods-Woke.a"; sourceTree = BUILT_PRODUCTS_DIR; };
/* End PBXFileReference section */

/* Begin PBXFrameworksBuildPhase section */
		09A776DC1A11D8D9004AF902 /* Frameworks */ = {
			isa = PBXFrameworksBuildPhase;
			buildActionMask = 2147483647;
			files = (
				8E1E370E64275A32CA7FC9A9 /* libPods-Woke.a in Frameworks */,
			);
			runOnlyForDeploymentPostprocessing = 0;
		};
		09A776F51A11D8D9004AF902 /* Frameworks */ = {
			isa = PBXFrameworksBuildPhase;
			buildActionMask = 2147483647;
			files = (
			);
			runOnlyForDeploymentPostprocessing = 0;
		};
/* End PBXFrameworksBuildPhase section */

/* Begin PBXGroup section */
		09A776D61A11D8D9004AF902 = {
			isa = PBXGroup;
			children = (
				09A776E11A11D8D9004AF902 /* Woke */,
				09A776FB1A11D8D9004AF902 /* WokeTests */,
				09A776E01A11D8D9004AF902 /* Products */,
				D36CBA141A78EB696382308E /* Pods */,
				AA1A75AA2E60E49CC73E6319 /* Frameworks */,
			);
			sourceTree = "<group>";
		};
		09A776E01A11D8D9004AF902 /* Products */ = {
			isa = PBXGroup;
			children = (
				09A776DF1A11D8D9004AF902 /* Woke.app */,
				09A776F81A11D8D9004AF902 /* WokeTests.xctest */,
			);
			name = Products;
			sourceTree = "<group>";
		};
		09A776E11A11D8D9004AF902 /* Woke */ = {
			isa = PBXGroup;
			children = (
				09A7770E1A11E2BD004AF902 /* app */,
				09A777221A11E2BD004AF902 /* shared */,
				09A777151A11E2BD004AF902 /* interfaces */,
				09DF4F0E1A1434AF00BEA328 /* models */,
				09DF4F491A1434AF00BEA328 /* services */,
				09A7771B1A11E2BD004AF902 /* resources */,
				09A777251A11E2BD004AF902 /* support */,
				09A7772A1A11E2BD004AF902 /* vendor */,
				09A777121A11E2BD004AF902 /* ipad */,
			);
			path = Woke;
			sourceTree = "<group>";
		};
		09A776FB1A11D8D9004AF902 /* WokeTests */ = {
			isa = PBXGroup;
			children = (
				09A776FE1A11D8D9004AF902 /* WokeTests.m */,
				09A776FC1A11D8D9004AF902 /* Supporting Files */,
			);
			path = WokeTests;
			sourceTree = "<group>";
		};
		09A776FC1A11D8D9004AF902 /* Supporting Files */ = {
			isa = PBXGroup;
			children = (
				09A776FD1A11D8D9004AF902 /* Info.plist */,
			);
			name = "Supporting Files";
			sourceTree = "<group>";
		};
		09A7770E1A11E2BD004AF902 /* app */ = {
			isa = PBXGroup;
			children = (
				09A7770F1A11E2BD004AF902 /* AppDelegate.h */,
				09A777101A11E2BD004AF902 /* AppDelegate.m */,
				09A777111A11E2BD004AF902 /* main.m */,
			);
			path = app;
			sourceTree = "<group>";
		};
		09A777121A11E2BD004AF902 /* ipad */ = {
			isa = PBXGroup;
			children = (
				09A777131A11E2BD004AF902 /* controllers */,
				09A777141A11E2BD004AF902 /* views */,
			);
			path = ipad;
			sourceTree = "<group>";
		};
		09A777131A11E2BD004AF902 /* controllers */ = {
			isa = PBXGroup;
			children = (
			);
			path = controllers;
			sourceTree = "<group>";
		};
		09A777141A11E2BD004AF902 /* views */ = {
			isa = PBXGroup;
			children = (
			);
			path = views;
			sourceTree = "<group>";
		};
		09A777151A11E2BD004AF902 /* interfaces */ = {
			isa = PBXGroup;
			children = (
				09A777161A11E2BD004AF902 /* controllers */,
				09A777191A11E2BD004AF902 /* views */,
			);
			path = interfaces;
			sourceTree = "<group>";
		};
		09A777161A11E2BD004AF902 /* controllers */ = {
			isa = PBXGroup;
			children = (
				9BDF60981A149920009E3C4A /* EWPersonViewController.h */,
				9BDF60991A149920009E3C4A /* EWPersonViewController.m */,
				9BDF60951A149909009E3C4A /* EWAlarmScheduleViewController.h */,
				9BDF60961A149909009E3C4A /* EWAlarmScheduleViewController.m */,
				09A777171A11E2BD004AF902 /* ViewController.h */,
				09A777181A11E2BD004AF902 /* ViewController.m */,
				09ABE17B1A13270000989ECA /* EWLoginGateViewController.h */,
				09ABE17C1A13270000989ECA /* EWLoginGateViewController.m */,
				09ABE1781A1326F300989ECA /* EWMainViewController.h */,
				09ABE1791A1326F300989ECA /* EWMainViewController.m */,
			);
			path = controllers;
			sourceTree = "<group>";
		};
		09A777191A11E2BD004AF902 /* views */ = {
			isa = PBXGroup;
			children = (
				9BDF608E1A149569009E3C4A /* EWMediaSlider.h */,
				9BDF608F1A149569009E3C4A /* EWMediaSlider.m */,
				9BDF60891A149339009E3C4A /* EWMediaCell.h */,
				9BDF608A1A149339009E3C4A /* EWMediaCell.m */,
				9BDF608B1A149339009E3C4A /* EWMediaCell.xib */,
			);
			path = views;
			sourceTree = "<group>";
		};
		09A7771B1A11E2BD004AF902 /* resources */ = {
			isa = PBXGroup;
			children = (
				09A777391A11E7A6004AF902 /* fonts */,
				09A7771C1A11E2BD004AF902 /* LaunchScreen.xib */,
				09A7771E1A11E2BD004AF902 /* Main.storyboard */,
				09A777201A11E2BD004AF902 /* Images.xcassets */,
				09A777211A11E2BD004AF902 /* Settings.bundle */,
			);
			path = resources;
			sourceTree = "<group>";
		};
		09A777221A11E2BD004AF902 /* shared */ = {
			isa = PBXGroup;
			children = (
				9B22CF6B1A1446E300DDB251 /* animation */,
				09A777231A11E2BD004AF902 /* controllers */,
				09A777241A11E2BD004AF902 /* views */,
			);
			path = shared;
			sourceTree = "<group>";
		};
		09A777231A11E2BD004AF902 /* controllers */ = {
			isa = PBXGroup;
			children = (
				09ABE17E1A13285400989ECA /* EWBaseViewController.h */,
				09ABE17F1A13285400989ECA /* EWBaseViewController.m */,
				09ABE1851A132DF900989ECA /* EWBaseNavigationController.h */,
				09ABE1861A132DF900989ECA /* EWBaseNavigationController.m */,
			);
			path = controllers;
			sourceTree = "<group>";
		};
		09A777241A11E2BD004AF902 /* views */ = {
			isa = PBXGroup;
			children = (
			);
			path = views;
			sourceTree = "<group>";
		};
		09A777251A11E2BD004AF902 /* support */ = {
			isa = PBXGroup;
			children = (
				09A777361A11E334004AF902 /* categories */,
				09A777371A11E334004AF902 /* defines */,
				09A777381A11E334004AF902 /* helpers */,
				09A777261A11E2BD004AF902 /* Info.plist */,
				09A777271A11E2BD004AF902 /* KZBEnvironments.plist */,
				09A777281A11E2BD004AF902 /* KZBootstrapUserMacros.h */,
				09A777291A11E2BD004AF902 /* PrefixHeader.pch */,
			);
			path = support;
			sourceTree = "<group>";
		};
		09A7772A1A11E2BD004AF902 /* vendor */ = {
			isa = PBXGroup;
			children = (
				9BDF60911A149685009E3C4A /* SCSiriWaveformView */,
			);
			path = vendor;
			sourceTree = "<group>";
		};
		09A777361A11E334004AF902 /* categories */ = {
			isa = PBXGroup;
			children = (
				9BDF609E1A1499D6009E3C4A /* UIView+Extend.h */,
				9BDF609F1A1499D6009E3C4A /* UIView+Extend.m */,
				9BDF60A01A1499D6009E3C4A /* UIView+Layout.h */,
				9BDF60A11A1499D6009E3C4A /* UIView+Layout.m */,
				9B22CF841A144C6900DDB251 /* NSDate+Extend.h */,
				9B22CF851A144C6900DDB251 /* NSDate+Extend.m */,
				9B22CF861A144C6900DDB251 /* NSManagedObjectContext+ChainSave.h */,
				9B22CF871A144C6900DDB251 /* NSManagedObjectContext+ChainSave.m */,
				9B22CF881A144C6900DDB251 /* NSString+Extend.h */,
				9B22CF891A144C6900DDB251 /* NSString+Extend.m */,
			);
			path = categories;
			sourceTree = "<group>";
		};
		09A777371A11E334004AF902 /* defines */ = {
			isa = PBXGroup;
			children = (
				09DF4F0D1A14349300BEA328 /* EWDefines.h */,
			);
			path = defines;
			sourceTree = "<group>";
		};
		09A777381A11E334004AF902 /* helpers */ = {
			isa = PBXGroup;
			children = (
				9BDF609B1A149960009E3C4A /* EWUIUtil.h */,
				9BDF609C1A149960009E3C4A /* EWUIUtil.m */,
			);
			path = helpers;
			sourceTree = "<group>";
		};
		09A777391A11E7A6004AF902 /* fonts */ = {
			isa = PBXGroup;
			children = (
				09269DE01A1316640048DC44 /* Lato-Hairline.ttf */,
				09269DDE1A1316580048DC44 /* Lato-Light.ttf */,
				09269DDF1A1316580048DC44 /* Lato-Regular.ttf */,
			);
			path = fonts;
			sourceTree = "<group>";
		};
		09DF4F0E1A1434AF00BEA328 /* models */ = {
			isa = PBXGroup;
			children = (
				09DF4F111A1434AF00BEA328 /* EarlyWorm.xcdatamodeld */,
				09DF4F141A1434AF00BEA328 /* EWAchievement.h */,
				09DF4F151A1434AF00BEA328 /* EWAchievement.m */,
				09DF4F161A1434AF00BEA328 /* EWActivity.h */,
				09DF4F171A1434AF00BEA328 /* EWActivity.m */,
				09DF4F181A1434AF00BEA328 /* EWAlarm.h */,
				09DF4F191A1434AF00BEA328 /* EWAlarm.m */,
				09DF4F1A1A1434AF00BEA328 /* EWGroup.h */,
				09DF4F1B1A1434AF00BEA328 /* EWGroup.m */,
				09DF4F1C1A1434AF00BEA328 /* EWGroupTask.h */,
				09DF4F1D1A1434AF00BEA328 /* EWGroupTask.m */,
				09DF4F1E1A1434AF00BEA328 /* EWMedia.h */,
				09DF4F1F1A1434AF00BEA328 /* EWMedia.m */,
				09DF4F201A1434AF00BEA328 /* EWMediaFile.h */,
				09DF4F211A1434AF00BEA328 /* EWMediaFile.m */,
				09DF4F221A1434AF00BEA328 /* EWMeidaFile.h */,
				09DF4F231A1434AF00BEA328 /* EWMeidaFile.m */,
				09DF4F241A1434AF00BEA328 /* EWMessage.h */,
				09DF4F251A1434AF00BEA328 /* EWMessage.m */,
				09DF4F261A1434AF00BEA328 /* EWNotification.h */,
				09DF4F271A1434AF00BEA328 /* EWNotification.m */,
				09DF4F281A1434AF00BEA328 /* EWPerson.h */,
				09DF4F291A1434AF00BEA328 /* EWPerson.m */,
				09DF4F2A1A1434AF00BEA328 /* EWServerObject.h */,
				09DF4F2B1A1434AF00BEA328 /* EWServerObject.m */,
				09DF4F2C1A1434AF00BEA328 /* EWTaskItem.h */,
				09DF4F2D1A1434AF00BEA328 /* EWTaskItem.m */,
				09DF4F2E1A1434AF00BEA328 /* models_mogenerated */,
			);
			path = models;
			sourceTree = "<group>";
		};
		09DF4F2E1A1434AF00BEA328 /* models_mogenerated */ = {
			isa = PBXGroup;
			children = (
				09DF4F2F1A1434AF00BEA328 /* _EWAchievement.h */,
				09DF4F301A1434AF00BEA328 /* _EWAchievement.m */,
				09DF4F311A1434AF00BEA328 /* _EWActivity.h */,
				09DF4F321A1434AF00BEA328 /* _EWActivity.m */,
				09DF4F331A1434AF00BEA328 /* _EWAlarm.h */,
				09DF4F341A1434AF00BEA328 /* _EWAlarm.m */,
				09DF4F351A1434AF00BEA328 /* _EWGroup.h */,
				09DF4F361A1434AF00BEA328 /* _EWGroup.m */,
				09DF4F371A1434AF00BEA328 /* _EWGroupTask.h */,
				09DF4F381A1434AF00BEA328 /* _EWGroupTask.m */,
				09DF4F391A1434AF00BEA328 /* _EWMedia.h */,
				09DF4F3A1A1434AF00BEA328 /* _EWMedia.m */,
				09DF4F3B1A1434AF00BEA328 /* _EWMediaFile.h */,
				09DF4F3C1A1434AF00BEA328 /* _EWMediaFile.m */,
				09DF4F3D1A1434AF00BEA328 /* _EWMessage.h */,
				09DF4F3E1A1434AF00BEA328 /* _EWMessage.m */,
				09DF4F3F1A1434AF00BEA328 /* _EWNotification.h */,
				09DF4F401A1434AF00BEA328 /* _EWNotification.m */,
				09DF4F411A1434AF00BEA328 /* _EWPerson.h */,
				09DF4F421A1434AF00BEA328 /* _EWPerson.m */,
				09DF4F431A1434AF00BEA328 /* _EWServerObject.h */,
				09DF4F441A1434AF00BEA328 /* _EWServerObject.m */,
				09DF4F451A1434AF00BEA328 /* _EWSocialGraph.h */,
				09DF4F461A1434AF00BEA328 /* _EWSocialGraph.m */,
				09DF4F471A1434AF00BEA328 /* _EWTaskItem.h */,
				09DF4F481A1434AF00BEA328 /* _EWTaskItem.m */,
			);
			path = models_mogenerated;
			sourceTree = "<group>";
		};
		09DF4F491A1434AF00BEA328 /* services */ = {
			isa = PBXGroup;
			children = (
				9BDF607D1A14915B009E3C4A /* EWAVManager.h */,
				9BDF607E1A14915B009E3C4A /* EWAVManager.m */,
				09DF4F4A1A1434AF00BEA328 /* EWActivityManager.h */,
				09DF4F4B1A1434AF00BEA328 /* EWActivityManager.m */,
				09DF4F4C1A1434AF00BEA328 /* EWAlarmManager.h */,
				09DF4F4D1A1434AF00BEA328 /* EWAlarmManager.m */,
				09DF4F4E1A1434AF00BEA328 /* EWBackgroundingManager.h */,
				09DF4F4F1A1434AF00BEA328 /* EWBackgroundingManager.m */,
				09DF4F501A1434AF00BEA328 /* EWBlockTypes.h */,
				09DF4F511A1434AF00BEA328 /* EWDataStore.h */,
				09DF4F521A1434AF00BEA328 /* EWDataStore.m */,
				09DF4F531A1434AF00BEA328 /* EWGroupStore.h */,
				09DF4F541A1434AF00BEA328 /* EWGroupStore.m */,
				09DF4F551A1434AF00BEA328 /* EWImageStore.h */,
				09DF4F561A1434AF00BEA328 /* EWImageStore.m */,
				09DF4F571A1434AF00BEA328 /* EWMediaManager.h */,
				09DF4F581A1434AF00BEA328 /* EWMediaManager.m */,
				09DF4F591A1434AF00BEA328 /* EWNotificationManager.h */,
				09DF4F5A1A1434AF00BEA328 /* EWNotificationManager.m */,
				09DF4F5B1A1434AF00BEA328 /* EWPersonManager.h */,
				09DF4F5C1A1434AF00BEA328 /* EWPersonManager.m */,
				09DF4F5D1A1434AF00BEA328 /* EWServer.h */,
				09DF4F5E1A1434AF00BEA328 /* EWServer.m */,
				09DF4F5F1A1434AF00BEA328 /* EWSession.h */,
				09DF4F601A1434AF00BEA328 /* EWSession.m */,
				09DF4F611A1434AF00BEA328 /* EWSocialGraphManager.h */,
				09DF4F621A1434AF00BEA328 /* EWSocialGraphManager.m */,
				09DF4F631A1434AF00BEA328 /* EWSync.h */,
				09DF4F641A1434AF00BEA328 /* EWSync.m */,
				09DF4F651A1434AF00BEA328 /* EWTaskManager.h */,
				09DF4F661A1434AF00BEA328 /* EWTaskManager.m */,
				09DF4F671A1434AF00BEA328 /* EWUserManagement.h */,
				09DF4F681A1434AF00BEA328 /* EWUserManagement.m */,
				09DF4F691A1434AF00BEA328 /* EWUtil.h */,
				09DF4F6A1A1434AF00BEA328 /* EWUtil.m */,
				09DF4F6B1A1434AF00BEA328 /* EWWakeUpManager.h */,
				09DF4F6C1A1434AF00BEA328 /* EWWakeUpManager.m */,
				09DF4F6D1A1434AF00BEA328 /* NSManagedObject+EWSync.h */,
				09DF4F6E1A1434AF00BEA328 /* NSManagedObject+EWSync.m */,
				09DF4F6F1A1434AF00BEA328 /* PFObject+EWSync.h */,
				09DF4F701A1434AF00BEA328 /* PFObject+EWSync.m */,
				09DF4F711A1434AF00BEA328 /* PFQuery+EWQuery.h */,
				09DF4F721A1434AF00BEA328 /* PFQuery+EWQuery.m */,
			);
			path = services;
			sourceTree = "<group>";
		};
		9B22CF6B1A1446E300DDB251 /* animation */ = {
			isa = PBXGroup;
			children = (
				9BDF60A41A149A15009E3C4A /* UIView+Blur.h */,
				9BDF60A51A149A15009E3C4A /* UIView+Blur.m */,
				9BDF60A61A149A15009E3C4A /* UIViewController+Blur.h */,
				9BDF60A71A149A15009E3C4A /* UIViewController+Blur.m */,
				9B22CF6F1A14471A00DDB251 /* NavigationControllerDelegate.h */,
				9B22CF701A14471A00DDB251 /* NavigationControllerDelegate.m */,
				9B22CF6C1A14470000DDB251 /* GPUImageAnimator.m */,
				9B22CF6D1A14470000DDB251 /* GPUImageAnimator.h */,
			);
			path = animation;
			sourceTree = "<group>";
		};
		9BDF60911A149685009E3C4A /* SCSiriWaveformView */ = {
			isa = PBXGroup;
			children = (
				9BDF60921A149685009E3C4A /* SCSiriWaveformView.h */,
				9BDF60931A149685009E3C4A /* SCSiriWaveformView.m */,
			);
			path = SCSiriWaveformView;
			sourceTree = "<group>";
		};
		AA1A75AA2E60E49CC73E6319 /* Frameworks */ = {
			isa = PBXGroup;
			children = (
				B95C7310A02172389FEF1951 /* libPods-Woke.a */,
			);
			name = Frameworks;
			sourceTree = "<group>";
		};
		D36CBA141A78EB696382308E /* Pods */ = {
			isa = PBXGroup;
			children = (
				0E66A2BAB09D55A75050CC5A /* Pods-Woke.debug.xcconfig */,
				1D40004B4E0E7D6FFBEACCF3 /* Pods-Woke.release.xcconfig */,
				B50BC7368D3FED2D74B92DCB /* Pods-Woke.adhoc.xcconfig */,
				568DCB0FA022C50526C1D44B /* Pods-Woke.profiling.xcconfig */,
			);
			name = Pods;
			sourceTree = "<group>";
		};
/* End PBXGroup section */

/* Begin PBXNativeTarget section */
		09A776DE1A11D8D9004AF902 /* Woke */ = {
			isa = PBXNativeTarget;
			buildConfigurationList = 09A777021A11D8D9004AF902 /* Build configuration list for PBXNativeTarget "Woke" */;
			buildPhases = (
				9CD61C4D16EF52D8A3FCCDDB /* Check Pods Manifest.lock */,
				09A776DB1A11D8D9004AF902 /* Sources */,
				09A776DC1A11D8D9004AF902 /* Frameworks */,
				09A776DD1A11D8D9004AF902 /* Resources */,
				A6ACF7036880B6CF269077FB /* Copy Pods Resources */,
				E93DC57A1C384A7E8FEAF65F /* KZBootstrap setup */,
			);
			buildRules = (
			);
			dependencies = (
			);
			name = Woke;
			productName = Woke;
			productReference = 09A776DF1A11D8D9004AF902 /* Woke.app */;
			productType = "com.apple.product-type.application";
		};
		09A776F71A11D8D9004AF902 /* WokeTests */ = {
			isa = PBXNativeTarget;
			buildConfigurationList = 09A777051A11D8D9004AF902 /* Build configuration list for PBXNativeTarget "WokeTests" */;
			buildPhases = (
				09A776F41A11D8D9004AF902 /* Sources */,
				09A776F51A11D8D9004AF902 /* Frameworks */,
				09A776F61A11D8D9004AF902 /* Resources */,
			);
			buildRules = (
			);
			dependencies = (
				09A776FA1A11D8D9004AF902 /* PBXTargetDependency */,
			);
			name = WokeTests;
			productName = WokeTests;
			productReference = 09A776F81A11D8D9004AF902 /* WokeTests.xctest */;
			productType = "com.apple.product-type.bundle.unit-test";
		};
/* End PBXNativeTarget section */

/* Begin PBXProject section */
		09A776D71A11D8D9004AF902 /* Project object */ = {
			isa = PBXProject;
			attributes = {
				LastUpgradeCheck = 0610;
				ORGANIZATIONNAME = wokealarm;
				TargetAttributes = {
					09A776DE1A11D8D9004AF902 = {
						CreatedOnToolsVersion = 6.1;
					};
					09A776F71A11D8D9004AF902 = {
						CreatedOnToolsVersion = 6.1;
						TestTargetID = 09A776DE1A11D8D9004AF902;
					};
					9B9331281A147DC600A402B5 = {
						CreatedOnToolsVersion = 6.1;
					};
				};
			};
			buildConfigurationList = 09A776DA1A11D8D9004AF902 /* Build configuration list for PBXProject "Woke" */;
			compatibilityVersion = "Xcode 3.2";
			developmentRegion = English;
			hasScannedForEncodings = 0;
			knownRegions = (
				en,
				Base,
			);
			mainGroup = 09A776D61A11D8D9004AF902;
			productRefGroup = 09A776E01A11D8D9004AF902 /* Products */;
			projectDirPath = "";
			projectRoot = "";
			targets = (
				09A776DE1A11D8D9004AF902 /* Woke */,
				09A776F71A11D8D9004AF902 /* WokeTests */,
				9B9331281A147DC600A402B5 /* mogenerator */,
			);
		};
/* End PBXProject section */

/* Begin PBXResourcesBuildPhase section */
		09A776DD1A11D8D9004AF902 /* Resources */ = {
			isa = PBXResourcesBuildPhase;
			buildActionMask = 2147483647;
			files = (
				09A777321A11E2BD004AF902 /* Settings.bundle in Resources */,
				09A777311A11E2BD004AF902 /* Images.xcassets in Resources */,
				09A7772F1A11E2BD004AF902 /* LaunchScreen.xib in Resources */,
				09A777341A11E2BD004AF902 /* KZBEnvironments.plist in Resources */,
				9BDF608D1A149339009E3C4A /* EWMediaCell.xib in Resources */,
				09269DE31A1316E60048DC44 /* Lato-Regular.ttf in Resources */,
				09A777301A11E2BD004AF902 /* Main.storyboard in Resources */,
				09269DE21A1316E40048DC44 /* Lato-Hairline.ttf in Resources */,
				09269DE11A1316E20048DC44 /* Lato-Light.ttf in Resources */,
			);
			runOnlyForDeploymentPostprocessing = 0;
		};
		09A776F61A11D8D9004AF902 /* Resources */ = {
			isa = PBXResourcesBuildPhase;
			buildActionMask = 2147483647;
			files = (
			);
			runOnlyForDeploymentPostprocessing = 0;
		};
/* End PBXResourcesBuildPhase section */

/* Begin PBXShellScriptBuildPhase section */
		9B93312E1A147DCD00A402B5 /* ShellScript */ = {
			isa = PBXShellScriptBuildPhase;
			buildActionMask = 2147483647;
			files = (
			);
			inputPaths = (
			);
			outputPaths = (
			);
			runOnlyForDeploymentPostprocessing = 0;
			shellPath = /bin/sh;
			shellScript = "mogenerator -m Woke/Models/EarlyWorm.xcdatamodeld -O Woke/Models/ --template-var arc=true";
		};
		9CD61C4D16EF52D8A3FCCDDB /* Check Pods Manifest.lock */ = {
			isa = PBXShellScriptBuildPhase;
			buildActionMask = 2147483647;
			files = (
			);
			inputPaths = (
			);
			name = "Check Pods Manifest.lock";
			outputPaths = (
			);
			runOnlyForDeploymentPostprocessing = 0;
			shellPath = /bin/sh;
			shellScript = "diff \"${PODS_ROOT}/../Podfile.lock\" \"${PODS_ROOT}/Manifest.lock\" > /dev/null\nif [[ $? != 0 ]] ; then\n    cat << EOM\nerror: The sandbox is not in sync with the Podfile.lock. Run 'pod install' or update your CocoaPods installation.\nEOM\n    exit 1\nfi\n";
			showEnvVarsInLog = 0;
		};
		A6ACF7036880B6CF269077FB /* Copy Pods Resources */ = {
			isa = PBXShellScriptBuildPhase;
			buildActionMask = 2147483647;
			files = (
			);
			inputPaths = (
			);
			name = "Copy Pods Resources";
			outputPaths = (
			);
			runOnlyForDeploymentPostprocessing = 0;
			shellPath = /bin/sh;
			shellScript = "\"${SRCROOT}/Pods/Target Support Files/Pods-Woke/Pods-Woke-resources.sh\"\n";
			showEnvVarsInLog = 0;
		};
		E93DC57A1C384A7E8FEAF65F /* KZBootstrap setup */ = {
			isa = PBXShellScriptBuildPhase;
			buildActionMask = 2147483647;
			files = (
			);
			inputPaths = (
			);
			name = "KZBootstrap setup";
			outputPaths = (
			);
			runOnlyForDeploymentPostprocessing = 0;
			shellPath = /bin/sh;
			shellScript = "${SRCROOT}/Pods/KZBootstrap/Pod/Assets/Scripts/bootstrap.sh";
		};
/* End PBXShellScriptBuildPhase section */

/* Begin PBXSourcesBuildPhase section */
		09A776DB1A11D8D9004AF902 /* Sources */ = {
			isa = PBXSourcesBuildPhase;
			buildActionMask = 2147483647;
			files = (
				09DF4F791A1434AF00BEA328 /* EWGroupTask.m in Sources */,
				09ABE17D1A13270000989ECA /* EWLoginGateViewController.m in Sources */,
				09DF4F8A1A1434AF00BEA328 /* _EWNotification.m in Sources */,
				9BDF60A81A149A15009E3C4A /* UIView+Blur.m in Sources */,
				09DF4F771A1434AF00BEA328 /* EWAlarm.m in Sources */,
				9B22CF8B1A144C6900DDB251 /* NSManagedObjectContext+ChainSave.m in Sources */,
				9BDF60941A149685009E3C4A /* SCSiriWaveformView.m in Sources */,
				09DF4F891A1434AF00BEA328 /* _EWMessage.m in Sources */,
				9BDF608C1A149339009E3C4A /* EWMediaCell.m in Sources */,
				9BDF60A31A1499D6009E3C4A /* UIView+Layout.m in Sources */,
				09DF4F821A1434AF00BEA328 /* _EWAchievement.m in Sources */,
				09DF4F901A1434AF00BEA328 /* EWAlarmManager.m in Sources */,
				9BDF607F1A14915B009E3C4A /* EWAVManager.m in Sources */,
				09DF4FA01A1434AF00BEA328 /* NSManagedObject+EWSync.m in Sources */,
				09DF4F981A1434AF00BEA328 /* EWServer.m in Sources */,
				09DF4F7D1A1434AF00BEA328 /* EWMessage.m in Sources */,
				09A7772E1A11E2BD004AF902 /* ViewController.m in Sources */,
				09DF4F7B1A1434AF00BEA328 /* EWMediaFile.m in Sources */,
				09DF4F971A1434AF00BEA328 /* EWPersonManager.m in Sources */,
				09DF4F7E1A1434AF00BEA328 /* EWNotification.m in Sources */,
				09DF4F881A1434AF00BEA328 /* _EWMediaFile.m in Sources */,
				9BDF609A1A149920009E3C4A /* EWPersonViewController.m in Sources */,
				09DF4F991A1434AF00BEA328 /* EWSession.m in Sources */,
				09DF4F911A1434AF00BEA328 /* EWBackgroundingManager.m in Sources */,
				9B22CF8A1A144C6900DDB251 /* NSDate+Extend.m in Sources */,
				09DF4F741A1434AF00BEA328 /* EarlyWorm.xcdatamodeld in Sources */,
				09DF4F751A1434AF00BEA328 /* EWAchievement.m in Sources */,
				09DF4F931A1434AF00BEA328 /* EWGroupStore.m in Sources */,
				09DF4F9D1A1434AF00BEA328 /* EWUserManagement.m in Sources */,
				09DF4F8D1A1434AF00BEA328 /* _EWSocialGraph.m in Sources */,
				09ABE17A1A1326F300989ECA /* EWMainViewController.m in Sources */,
				09DF4F7A1A1434AF00BEA328 /* EWMedia.m in Sources */,
				9B22CF8C1A144C6900DDB251 /* NSString+Extend.m in Sources */,
				9BDF60901A149569009E3C4A /* EWMediaSlider.m in Sources */,
				09ABE1801A13285400989ECA /* EWBaseViewController.m in Sources */,
				09DF4F7F1A1434AF00BEA328 /* EWPerson.m in Sources */,
				9B22CF6E1A14470000DDB251 /* GPUImageAnimator.m in Sources */,
				09DF4F861A1434AF00BEA328 /* _EWGroupTask.m in Sources */,
				09DF4F811A1434AF00BEA328 /* EWTaskItem.m in Sources */,
				09DF4F871A1434AF00BEA328 /* _EWMedia.m in Sources */,
				09DF4F9C1A1434AF00BEA328 /* EWTaskManager.m in Sources */,
				9BDF60A21A1499D6009E3C4A /* UIView+Extend.m in Sources */,
				09A7772D1A11E2BD004AF902 /* main.m in Sources */,
				9BDF60A91A149A15009E3C4A /* UIViewController+Blur.m in Sources */,
				09DF4F9B1A1434AF00BEA328 /* EWSync.m in Sources */,
				9BDF609D1A149960009E3C4A /* EWUIUtil.m in Sources */,
				09DF4F831A1434AF00BEA328 /* _EWActivity.m in Sources */,
				09DF4F801A1434AF00BEA328 /* EWServerObject.m in Sources */,
				09DF4F8C1A1434AF00BEA328 /* _EWServerObject.m in Sources */,
				09DF4F961A1434AF00BEA328 /* EWNotificationManager.m in Sources */,
				09DF4FA21A1434AF00BEA328 /* PFQuery+EWQuery.m in Sources */,
				09ABE1871A132DF900989ECA /* EWBaseNavigationController.m in Sources */,
				09DF4F9F1A1434AF00BEA328 /* EWWakeUpManager.m in Sources */,
				9BDF60971A149909009E3C4A /* EWAlarmScheduleViewController.m in Sources */,
				09DF4F8E1A1434AF00BEA328 /* _EWTaskItem.m in Sources */,
				09DF4F951A1434AF00BEA328 /* EWMediaManager.m in Sources */,
				09DF4F8B1A1434AF00BEA328 /* _EWPerson.m in Sources */,
				09DF4F9A1A1434AF00BEA328 /* EWSocialGraphManager.m in Sources */,
				09DF4F841A1434AF00BEA328 /* _EWAlarm.m in Sources */,
				09DF4F781A1434AF00BEA328 /* EWGroup.m in Sources */,
				09DF4F8F1A1434AF00BEA328 /* EWActivityManager.m in Sources */,
				09DF4FA11A1434AF00BEA328 /* PFObject+EWSync.m in Sources */,
				9B22CF711A14471A00DDB251 /* NavigationControllerDelegate.m in Sources */,
				09DF4F7C1A1434AF00BEA328 /* EWMeidaFile.m in Sources */,
				09DF4F761A1434AF00BEA328 /* EWActivity.m in Sources */,
				09DF4F921A1434AF00BEA328 /* EWDataStore.m in Sources */,
				09DF4F941A1434AF00BEA328 /* EWImageStore.m in Sources */,
				09A7772C1A11E2BD004AF902 /* AppDelegate.m in Sources */,
				09DF4F851A1434AF00BEA328 /* _EWGroup.m in Sources */,
				09DF4F9E1A1434AF00BEA328 /* EWUtil.m in Sources */,
			);
			runOnlyForDeploymentPostprocessing = 0;
		};
		09A776F41A11D8D9004AF902 /* Sources */ = {
			isa = PBXSourcesBuildPhase;
			buildActionMask = 2147483647;
			files = (
				09A776FF1A11D8D9004AF902 /* WokeTests.m in Sources */,
			);
			runOnlyForDeploymentPostprocessing = 0;
		};
/* End PBXSourcesBuildPhase section */

/* Begin PBXTargetDependency section */
		09A776FA1A11D8D9004AF902 /* PBXTargetDependency */ = {
			isa = PBXTargetDependency;
			target = 09A776DE1A11D8D9004AF902 /* Woke */;
			targetProxy = 09A776F91A11D8D9004AF902 /* PBXContainerItemProxy */;
		};
/* End PBXTargetDependency section */

/* Begin PBXVariantGroup section */
		09A7771C1A11E2BD004AF902 /* LaunchScreen.xib */ = {
			isa = PBXVariantGroup;
			children = (
				09A7771D1A11E2BD004AF902 /* Base */,
			);
			name = LaunchScreen.xib;
			sourceTree = "<group>";
		};
		09A7771E1A11E2BD004AF902 /* Main.storyboard */ = {
			isa = PBXVariantGroup;
			children = (
				09A7771F1A11E2BD004AF902 /* Base */,
			);
			name = Main.storyboard;
			sourceTree = "<group>";
		};
/* End PBXVariantGroup section */

/* Begin XCBuildConfiguration section */
		09A777001A11D8D9004AF902 /* Debug */ = {
			isa = XCBuildConfiguration;
			buildSettings = {
				ALWAYS_SEARCH_USER_PATHS = NO;
				BUNDLE_DISPLAY_NAME_SUFFIX = dev;
				BUNDLE_ID_SUFFIX = .dev;
				CLANG_CXX_LANGUAGE_STANDARD = "gnu++0x";
				CLANG_CXX_LIBRARY = "libc++";
				CLANG_ENABLE_MODULES = YES;
				CLANG_ENABLE_OBJC_ARC = YES;
				CLANG_WARN_BOOL_CONVERSION = YES;
				CLANG_WARN_CONSTANT_CONVERSION = YES;
				CLANG_WARN_DIRECT_OBJC_ISA_USAGE = YES_ERROR;
				CLANG_WARN_EMPTY_BODY = YES;
				CLANG_WARN_ENUM_CONVERSION = YES;
				CLANG_WARN_INT_CONVERSION = YES;
				CLANG_WARN_OBJC_ROOT_CLASS = YES_ERROR;
				CLANG_WARN_SUSPICIOUS_IMPLICIT_CONVERSION = YES;
				CLANG_WARN_UNREACHABLE_CODE = YES;
				CLANG_WARN__DUPLICATE_METHOD_MATCH = YES;
				"CODE_SIGN_IDENTITY[sdk=iphoneos*]" = "iPhone Developer";
				COPY_PHASE_STRIP = NO;
				ENABLE_STRICT_OBJC_MSGSEND = YES;
				GCC_C_LANGUAGE_STANDARD = gnu99;
				GCC_DYNAMIC_NO_PIC = NO;
				GCC_OPTIMIZATION_LEVEL = 0;
				GCC_PREPROCESSOR_DEFINITIONS = (
					"DEBUG=1",
					"$(inherited)",
				);
				GCC_SYMBOLS_PRIVATE_EXTERN = NO;
				GCC_TREAT_WARNINGS_AS_ERRORS = YES;
				GCC_WARN_64_TO_32_BIT_CONVERSION = YES;
				GCC_WARN_ABOUT_MISSING_FIELD_INITIALIZERS = YES;
				GCC_WARN_ABOUT_RETURN_TYPE = YES;
				GCC_WARN_CHECK_SWITCH_STATEMENTS = YES;
				GCC_WARN_INITIALIZER_NOT_FULLY_BRACKETED = YES;
				GCC_WARN_MISSING_PARENTHESES = YES;
				GCC_WARN_SHADOW = YES;
				GCC_WARN_SIGN_COMPARE = YES;
				GCC_WARN_TYPECHECK_CALLS_TO_PRINTF = YES;
				GCC_WARN_UNDECLARED_SELECTOR = YES;
				GCC_WARN_UNINITIALIZED_AUTOS = YES;
				GCC_WARN_UNUSED_FUNCTION = YES;
				GCC_WARN_UNUSED_LABEL = YES;
				GCC_WARN_UNUSED_VALUE = YES;
				GCC_WARN_UNUSED_VARIABLE = YES;
				IPHONEOS_DEPLOYMENT_TARGET = 8.1;
				KZBEnv = QA;
				MTL_ENABLE_DEBUG_INFO = YES;
				ONLY_ACTIVE_ARCH = YES;
				RUN_CLANG_STATIC_ANALYZER = YES;
				SDKROOT = iphoneos;
				WARNING_CFLAGS = (
					"-Wno-objc-missing-property-synthesis",
					"-Wno-unused-macros",
					"-Wno-disabled-macro-expansion",
					"-Wno-gnu-statement-expression",
					"-Wno-language-extension-token",
					"-Wno-overriding-method-mismatch",
				);
			};
			name = Debug;
		};
		09A777011A11D8D9004AF902 /* Release */ = {
			isa = XCBuildConfiguration;
			buildSettings = {
				ALWAYS_SEARCH_USER_PATHS = NO;
				BUNDLE_DISPLAY_NAME_SUFFIX = adhoc;
				BUNDLE_ID_SUFFIX = .adhoc;
				CLANG_CXX_LANGUAGE_STANDARD = "gnu++0x";
				CLANG_CXX_LIBRARY = "libc++";
				CLANG_ENABLE_MODULES = YES;
				CLANG_ENABLE_OBJC_ARC = YES;
				CLANG_WARN_BOOL_CONVERSION = YES;
				CLANG_WARN_CONSTANT_CONVERSION = YES;
				CLANG_WARN_DIRECT_OBJC_ISA_USAGE = YES_ERROR;
				CLANG_WARN_EMPTY_BODY = YES;
				CLANG_WARN_ENUM_CONVERSION = YES;
				CLANG_WARN_INT_CONVERSION = YES;
				CLANG_WARN_OBJC_ROOT_CLASS = YES_ERROR;
				CLANG_WARN_SUSPICIOUS_IMPLICIT_CONVERSION = YES;
				CLANG_WARN_UNREACHABLE_CODE = YES;
				CLANG_WARN__DUPLICATE_METHOD_MATCH = YES;
				"CODE_SIGN_IDENTITY[sdk=iphoneos*]" = "iPhone Developer";
				COPY_PHASE_STRIP = YES;
				ENABLE_NS_ASSERTIONS = NO;
				ENABLE_STRICT_OBJC_MSGSEND = YES;
				GCC_C_LANGUAGE_STANDARD = gnu99;
				GCC_TREAT_WARNINGS_AS_ERRORS = YES;
				GCC_WARN_64_TO_32_BIT_CONVERSION = YES;
				GCC_WARN_ABOUT_MISSING_FIELD_INITIALIZERS = YES;
				GCC_WARN_ABOUT_RETURN_TYPE = YES;
				GCC_WARN_CHECK_SWITCH_STATEMENTS = YES;
				GCC_WARN_INITIALIZER_NOT_FULLY_BRACKETED = YES;
				GCC_WARN_MISSING_PARENTHESES = YES;
				GCC_WARN_SHADOW = YES;
				GCC_WARN_SIGN_COMPARE = YES;
				GCC_WARN_TYPECHECK_CALLS_TO_PRINTF = YES;
				GCC_WARN_UNDECLARED_SELECTOR = YES;
				GCC_WARN_UNINITIALIZED_AUTOS = YES;
				GCC_WARN_UNUSED_FUNCTION = YES;
				GCC_WARN_UNUSED_LABEL = YES;
				GCC_WARN_UNUSED_VALUE = YES;
				GCC_WARN_UNUSED_VARIABLE = YES;
				IPHONEOS_DEPLOYMENT_TARGET = 8.1;
				KZBEnv = QA;
				MTL_ENABLE_DEBUG_INFO = NO;
				RUN_CLANG_STATIC_ANALYZER = YES;
				SDKROOT = iphoneos;
				VALIDATE_PRODUCT = YES;
				WARNING_CFLAGS = (
					"-Wno-objc-missing-property-synthesis",
					"-Wno-unused-macros",
					"-Wno-disabled-macro-expansion",
					"-Wno-gnu-statement-expression",
					"-Wno-language-extension-token",
					"-Wno-overriding-method-mismatch",
				);
			};
			name = Release;
		};
		09A777031A11D8D9004AF902 /* Debug */ = {
			isa = XCBuildConfiguration;
			baseConfigurationReference = 0E66A2BAB09D55A75050CC5A /* Pods-Woke.debug.xcconfig */;
			buildSettings = {
				ASSETCATALOG_COMPILER_APPICON_NAME = AppIcon;
				ASSETCATALOG_COMPILER_LAUNCHIMAGE_NAME = LaunchImage;
				DEBUG_INFORMATION_FORMAT = dwarf;
				GCC_PREFIX_HEADER = Woke/support/PrefixHeader.pch;
				GCC_PREPROCESSOR_DEFINITIONS = (
					"$(inherited)",
					"COCOAPODS=1",
					"KZBDefaultEnv=${KZBEnv}",
				);
				INFOPLIST_FILE = Woke/support/Info.plist;
				IPHONEOS_DEPLOYMENT_TARGET = 8.0;
				LD_RUNPATH_SEARCH_PATHS = "$(inherited) @executable_path/Frameworks";
				PRODUCT_NAME = "$(TARGET_NAME)";
			};
			name = Debug;
		};
		09A777041A11D8D9004AF902 /* Release */ = {
			isa = XCBuildConfiguration;
			baseConfigurationReference = 1D40004B4E0E7D6FFBEACCF3 /* Pods-Woke.release.xcconfig */;
			buildSettings = {
				ASSETCATALOG_COMPILER_APPICON_NAME = AppIcon;
				ASSETCATALOG_COMPILER_LAUNCHIMAGE_NAME = LaunchImage;
				GCC_PREFIX_HEADER = Woke/support/PrefixHeader.pch;
				GCC_PREPROCESSOR_DEFINITIONS = (
					"$(inherited)",
					"COCOAPODS=1",
					"KZBDefaultEnv=${KZBEnv}",
				);
				INFOPLIST_FILE = Woke/support/Info.plist;
				IPHONEOS_DEPLOYMENT_TARGET = 8.0;
				LD_RUNPATH_SEARCH_PATHS = "$(inherited) @executable_path/Frameworks";
				PRODUCT_NAME = "$(TARGET_NAME)";
			};
			name = Release;
		};
		09A777061A11D8D9004AF902 /* Debug */ = {
			isa = XCBuildConfiguration;
			buildSettings = {
				BUNDLE_LOADER = "$(TEST_HOST)";
				FRAMEWORK_SEARCH_PATHS = (
					"$(SDKROOT)/Developer/Library/Frameworks",
					"$(inherited)",
				);
				GCC_PREPROCESSOR_DEFINITIONS = (
					"DEBUG=1",
					"$(inherited)",
				);
				INFOPLIST_FILE = WokeTests/Info.plist;
				LD_RUNPATH_SEARCH_PATHS = "$(inherited) @executable_path/Frameworks @loader_path/Frameworks";
				PRODUCT_NAME = "$(TARGET_NAME)";
				TEST_HOST = "$(BUILT_PRODUCTS_DIR)/Woke.app/Woke";
			};
			name = Debug;
		};
		09A777071A11D8D9004AF902 /* Release */ = {
			isa = XCBuildConfiguration;
			buildSettings = {
				BUNDLE_LOADER = "$(TEST_HOST)";
				FRAMEWORK_SEARCH_PATHS = (
					"$(SDKROOT)/Developer/Library/Frameworks",
					"$(inherited)",
				);
				INFOPLIST_FILE = WokeTests/Info.plist;
				LD_RUNPATH_SEARCH_PATHS = "$(inherited) @executable_path/Frameworks @loader_path/Frameworks";
				PRODUCT_NAME = "$(TARGET_NAME)";
				TEST_HOST = "$(BUILT_PRODUCTS_DIR)/Woke.app/Woke";
			};
			name = Release;
		};
		2738B373D9E3409781FFBE87 /* adhoc */ = {
			isa = XCBuildConfiguration;
			buildSettings = {
				BUNDLE_LOADER = "$(TEST_HOST)";
				FRAMEWORK_SEARCH_PATHS = (
					"$(SDKROOT)/Developer/Library/Frameworks",
					"$(inherited)",
				);
				INFOPLIST_FILE = WokeTests/Info.plist;
				LD_RUNPATH_SEARCH_PATHS = "$(inherited) @executable_path/Frameworks @loader_path/Frameworks";
				PRODUCT_NAME = "$(TARGET_NAME)";
				TEST_HOST = "$(BUILT_PRODUCTS_DIR)/Woke.app/Woke";
			};
			name = adhoc;
		};
		36533C93ADC54C2F8C03C451 /* profiling */ = {
			isa = XCBuildConfiguration;
			buildSettings = {
				BUNDLE_LOADER = "$(TEST_HOST)";
				FRAMEWORK_SEARCH_PATHS = (
					"$(SDKROOT)/Developer/Library/Frameworks",
					"$(inherited)",
				);
				GCC_PREPROCESSOR_DEFINITIONS = (
					"DEBUG=1",
					"$(inherited)",
				);
				INFOPLIST_FILE = WokeTests/Info.plist;
				LD_RUNPATH_SEARCH_PATHS = "$(inherited) @executable_path/Frameworks @loader_path/Frameworks";
				PRODUCT_NAME = "$(TARGET_NAME)";
				TEST_HOST = "$(BUILT_PRODUCTS_DIR)/Woke.app/Woke";
			};
			name = profiling;
		};
		50A0A4275D3E4AC4AF49E97D /* adhoc */ = {
			isa = XCBuildConfiguration;
			buildSettings = {
				ALWAYS_SEARCH_USER_PATHS = NO;
				BUNDLE_DISPLAY_NAME_SUFFIX = adhoc;
				BUNDLE_ID_SUFFIX = .adhoc;
				CLANG_CXX_LANGUAGE_STANDARD = "gnu++0x";
				CLANG_CXX_LIBRARY = "libc++";
				CLANG_ENABLE_MODULES = YES;
				CLANG_ENABLE_OBJC_ARC = YES;
				CLANG_WARN_BOOL_CONVERSION = YES;
				CLANG_WARN_CONSTANT_CONVERSION = YES;
				CLANG_WARN_DIRECT_OBJC_ISA_USAGE = YES_ERROR;
				CLANG_WARN_EMPTY_BODY = YES;
				CLANG_WARN_ENUM_CONVERSION = YES;
				CLANG_WARN_INT_CONVERSION = YES;
				CLANG_WARN_OBJC_ROOT_CLASS = YES_ERROR;
				CLANG_WARN_SUSPICIOUS_IMPLICIT_CONVERSION = YES;
				CLANG_WARN_UNREACHABLE_CODE = YES;
				CLANG_WARN__DUPLICATE_METHOD_MATCH = YES;
				"CODE_SIGN_IDENTITY[sdk=iphoneos*]" = "iPhone Developer";
				COPY_PHASE_STRIP = YES;
				ENABLE_NS_ASSERTIONS = NO;
				ENABLE_STRICT_OBJC_MSGSEND = YES;
				GCC_C_LANGUAGE_STANDARD = gnu99;
				GCC_TREAT_WARNINGS_AS_ERRORS = YES;
				GCC_WARN_64_TO_32_BIT_CONVERSION = YES;
				GCC_WARN_ABOUT_MISSING_FIELD_INITIALIZERS = YES;
				GCC_WARN_ABOUT_RETURN_TYPE = YES;
				GCC_WARN_CHECK_SWITCH_STATEMENTS = YES;
				GCC_WARN_INITIALIZER_NOT_FULLY_BRACKETED = YES;
				GCC_WARN_MISSING_PARENTHESES = YES;
				GCC_WARN_SHADOW = YES;
				GCC_WARN_SIGN_COMPARE = YES;
				GCC_WARN_TYPECHECK_CALLS_TO_PRINTF = YES;
				GCC_WARN_UNDECLARED_SELECTOR = YES;
				GCC_WARN_UNINITIALIZED_AUTOS = YES;
				GCC_WARN_UNUSED_FUNCTION = YES;
				GCC_WARN_UNUSED_LABEL = YES;
				GCC_WARN_UNUSED_VALUE = YES;
				GCC_WARN_UNUSED_VARIABLE = YES;
				IPHONEOS_DEPLOYMENT_TARGET = 8.1;
				KZBEnv = QA;
				MTL_ENABLE_DEBUG_INFO = NO;
				RUN_CLANG_STATIC_ANALYZER = YES;
				SDKROOT = iphoneos;
				VALIDATE_PRODUCT = YES;
				WARNING_CFLAGS = (
					"-Wno-objc-missing-property-synthesis",
					"-Wno-unused-macros",
					"-Wno-disabled-macro-expansion",
					"-Wno-gnu-statement-expression",
					"-Wno-language-extension-token",
					"-Wno-overriding-method-mismatch",
				);
			};
			name = adhoc;
		};
		86CF145E8486450799717E47 /* profiling */ = {
			isa = XCBuildConfiguration;
			buildSettings = {
				ALWAYS_SEARCH_USER_PATHS = NO;
				BUNDLE_DISPLAY_NAME_SUFFIX = dev;
				BUNDLE_ID_SUFFIX = .dev;
				CLANG_CXX_LANGUAGE_STANDARD = "gnu++0x";
				CLANG_CXX_LIBRARY = "libc++";
				CLANG_ENABLE_MODULES = YES;
				CLANG_ENABLE_OBJC_ARC = YES;
				CLANG_WARN_BOOL_CONVERSION = YES;
				CLANG_WARN_CONSTANT_CONVERSION = YES;
				CLANG_WARN_DIRECT_OBJC_ISA_USAGE = YES_ERROR;
				CLANG_WARN_EMPTY_BODY = YES;
				CLANG_WARN_ENUM_CONVERSION = YES;
				CLANG_WARN_INT_CONVERSION = YES;
				CLANG_WARN_OBJC_ROOT_CLASS = YES_ERROR;
				CLANG_WARN_SUSPICIOUS_IMPLICIT_CONVERSION = YES;
				CLANG_WARN_UNREACHABLE_CODE = YES;
				CLANG_WARN__DUPLICATE_METHOD_MATCH = YES;
				"CODE_SIGN_IDENTITY[sdk=iphoneos*]" = "iPhone Developer";
				COPY_PHASE_STRIP = NO;
				ENABLE_STRICT_OBJC_MSGSEND = YES;
				GCC_C_LANGUAGE_STANDARD = gnu99;
				GCC_DYNAMIC_NO_PIC = NO;
				GCC_OPTIMIZATION_LEVEL = 0;
				GCC_PREPROCESSOR_DEFINITIONS = (
					"DEBUG=1",
					"$(inherited)",
				);
				GCC_SYMBOLS_PRIVATE_EXTERN = NO;
				GCC_TREAT_WARNINGS_AS_ERRORS = YES;
				GCC_WARN_64_TO_32_BIT_CONVERSION = YES;
				GCC_WARN_ABOUT_MISSING_FIELD_INITIALIZERS = YES;
				GCC_WARN_ABOUT_RETURN_TYPE = YES;
				GCC_WARN_CHECK_SWITCH_STATEMENTS = YES;
				GCC_WARN_INITIALIZER_NOT_FULLY_BRACKETED = YES;
				GCC_WARN_MISSING_PARENTHESES = YES;
				GCC_WARN_SHADOW = YES;
				GCC_WARN_SIGN_COMPARE = YES;
				GCC_WARN_TYPECHECK_CALLS_TO_PRINTF = YES;
				GCC_WARN_UNDECLARED_SELECTOR = YES;
				GCC_WARN_UNINITIALIZED_AUTOS = YES;
				GCC_WARN_UNUSED_FUNCTION = YES;
				GCC_WARN_UNUSED_LABEL = YES;
				GCC_WARN_UNUSED_VALUE = YES;
				GCC_WARN_UNUSED_VARIABLE = YES;
				IPHONEOS_DEPLOYMENT_TARGET = 8.1;
				KZBEnv = QA;
				MTL_ENABLE_DEBUG_INFO = YES;
				ONLY_ACTIVE_ARCH = YES;
				RUN_CLANG_STATIC_ANALYZER = YES;
				SDKROOT = iphoneos;
				WARNING_CFLAGS = (
					"-Wno-objc-missing-property-synthesis",
					"-Wno-unused-macros",
					"-Wno-disabled-macro-expansion",
					"-Wno-gnu-statement-expression",
					"-Wno-language-extension-token",
					"-Wno-overriding-method-mismatch",
				);
			};
			name = profiling;
		};
		9B9331291A147DC600A402B5 /* Debug */ = {
			isa = XCBuildConfiguration;
			buildSettings = {
				PRODUCT_NAME = "$(TARGET_NAME)";
			};
			name = Debug;
		};
		9B93312A1A147DC600A402B5 /* Release */ = {
			isa = XCBuildConfiguration;
			buildSettings = {
				PRODUCT_NAME = "$(TARGET_NAME)";
			};
			name = Release;
		};
		9B93312B1A147DC600A402B5 /* adhoc */ = {
			isa = XCBuildConfiguration;
			buildSettings = {
				PRODUCT_NAME = "$(TARGET_NAME)";
			};
			name = adhoc;
		};
		9B93312C1A147DC600A402B5 /* profiling */ = {
			isa = XCBuildConfiguration;
			buildSettings = {
				PRODUCT_NAME = "$(TARGET_NAME)";
			};
			name = profiling;
		};
		B1F3F60FFC3647879EA4CE2D /* profiling */ = {
			isa = XCBuildConfiguration;
			buildSettings = {
				ALWAYS_SEARCH_USER_PATHS = NO;
				BUNDLE_DISPLAY_NAME_SUFFIX = dev;
				BUNDLE_ID_SUFFIX = .dev;
				CLANG_CXX_LANGUAGE_STANDARD = "gnu++0x";
				CLANG_CXX_LIBRARY = "libc++";
				CLANG_ENABLE_MODULES = YES;
				CLANG_ENABLE_OBJC_ARC = YES;
				CLANG_WARN_BOOL_CONVERSION = YES;
				CLANG_WARN_CONSTANT_CONVERSION = YES;
				CLANG_WARN_DIRECT_OBJC_ISA_USAGE = YES_ERROR;
				CLANG_WARN_EMPTY_BODY = YES;
				CLANG_WARN_ENUM_CONVERSION = YES;
				CLANG_WARN_INT_CONVERSION = YES;
				CLANG_WARN_OBJC_ROOT_CLASS = YES_ERROR;
				CLANG_WARN_SUSPICIOUS_IMPLICIT_CONVERSION = YES;
				CLANG_WARN_UNREACHABLE_CODE = YES;
				CLANG_WARN__DUPLICATE_METHOD_MATCH = YES;
				"CODE_SIGN_IDENTITY[sdk=iphoneos*]" = "iPhone Developer";
				COPY_PHASE_STRIP = NO;
				ENABLE_STRICT_OBJC_MSGSEND = YES;
				GCC_C_LANGUAGE_STANDARD = gnu99;
				GCC_DYNAMIC_NO_PIC = NO;
				GCC_OPTIMIZATION_LEVEL = 0;
				GCC_PREPROCESSOR_DEFINITIONS = (
					"DEBUG=1",
					"$(inherited)",
				);
				GCC_SYMBOLS_PRIVATE_EXTERN = NO;
				GCC_TREAT_WARNINGS_AS_ERRORS = YES;
				GCC_WARN_64_TO_32_BIT_CONVERSION = YES;
				GCC_WARN_ABOUT_MISSING_FIELD_INITIALIZERS = YES;
				GCC_WARN_ABOUT_RETURN_TYPE = YES;
				GCC_WARN_CHECK_SWITCH_STATEMENTS = YES;
				GCC_WARN_INITIALIZER_NOT_FULLY_BRACKETED = YES;
				GCC_WARN_MISSING_PARENTHESES = YES;
				GCC_WARN_SHADOW = YES;
				GCC_WARN_SIGN_COMPARE = YES;
				GCC_WARN_TYPECHECK_CALLS_TO_PRINTF = YES;
				GCC_WARN_UNDECLARED_SELECTOR = YES;
				GCC_WARN_UNINITIALIZED_AUTOS = YES;
				GCC_WARN_UNUSED_FUNCTION = YES;
				GCC_WARN_UNUSED_LABEL = YES;
				GCC_WARN_UNUSED_VALUE = YES;
				GCC_WARN_UNUSED_VARIABLE = YES;
				IPHONEOS_DEPLOYMENT_TARGET = 8.1;
				KZBEnv = QA;
				MTL_ENABLE_DEBUG_INFO = YES;
				ONLY_ACTIVE_ARCH = YES;
				RUN_CLANG_STATIC_ANALYZER = YES;
				SDKROOT = iphoneos;
				WARNING_CFLAGS = (
					"-Wno-objc-missing-property-synthesis",
					"-Wno-unused-macros",
					"-Wno-disabled-macro-expansion",
					"-Wno-gnu-statement-expression",
					"-Wno-language-extension-token",
					"-Wno-overriding-method-mismatch",
				);
			};
			name = profiling;
		};
		C6B55ABCC357471F8A39AEAB /* profiling */ = {
			isa = XCBuildConfiguration;
			baseConfigurationReference = 568DCB0FA022C50526C1D44B /* Pods-Woke.profiling.xcconfig */;
			buildSettings = {
				ASSETCATALOG_COMPILER_APPICON_NAME = AppIcon;
				ASSETCATALOG_COMPILER_LAUNCHIMAGE_NAME = LaunchImage;
				GCC_PREFIX_HEADER = Woke/support/PrefixHeader.pch;
				GCC_PREPROCESSOR_DEFINITIONS = (
					"$(inherited)",
					"COCOAPODS=1",
					"KZBDefaultEnv=${KZBEnv}",
				);
				INFOPLIST_FILE = Woke/support/Info.plist;
				IPHONEOS_DEPLOYMENT_TARGET = 8.0;
				LD_RUNPATH_SEARCH_PATHS = "$(inherited) @executable_path/Frameworks";
				PRODUCT_NAME = "$(TARGET_NAME)";
			};
			name = profiling;
		};
		DE458F44A2974B8C82603021 /* adhoc */ = {
			isa = XCBuildConfiguration;
			buildSettings = {
				ALWAYS_SEARCH_USER_PATHS = NO;
				BUNDLE_DISPLAY_NAME_SUFFIX = adhoc;
				BUNDLE_ID_SUFFIX = .adhoc;
				CLANG_CXX_LANGUAGE_STANDARD = "gnu++0x";
				CLANG_CXX_LIBRARY = "libc++";
				CLANG_ENABLE_MODULES = YES;
				CLANG_ENABLE_OBJC_ARC = YES;
				CLANG_WARN_BOOL_CONVERSION = YES;
				CLANG_WARN_CONSTANT_CONVERSION = YES;
				CLANG_WARN_DIRECT_OBJC_ISA_USAGE = YES_ERROR;
				CLANG_WARN_EMPTY_BODY = YES;
				CLANG_WARN_ENUM_CONVERSION = YES;
				CLANG_WARN_INT_CONVERSION = YES;
				CLANG_WARN_OBJC_ROOT_CLASS = YES_ERROR;
				CLANG_WARN_SUSPICIOUS_IMPLICIT_CONVERSION = YES;
				CLANG_WARN_UNREACHABLE_CODE = YES;
				CLANG_WARN__DUPLICATE_METHOD_MATCH = YES;
				"CODE_SIGN_IDENTITY[sdk=iphoneos*]" = "iPhone Developer";
				COPY_PHASE_STRIP = YES;
				ENABLE_NS_ASSERTIONS = NO;
				ENABLE_STRICT_OBJC_MSGSEND = YES;
				GCC_C_LANGUAGE_STANDARD = gnu99;
				GCC_TREAT_WARNINGS_AS_ERRORS = YES;
				GCC_WARN_64_TO_32_BIT_CONVERSION = YES;
				GCC_WARN_ABOUT_MISSING_FIELD_INITIALIZERS = YES;
				GCC_WARN_ABOUT_RETURN_TYPE = YES;
				GCC_WARN_CHECK_SWITCH_STATEMENTS = YES;
				GCC_WARN_INITIALIZER_NOT_FULLY_BRACKETED = YES;
				GCC_WARN_MISSING_PARENTHESES = YES;
				GCC_WARN_SHADOW = YES;
				GCC_WARN_SIGN_COMPARE = YES;
				GCC_WARN_TYPECHECK_CALLS_TO_PRINTF = YES;
				GCC_WARN_UNDECLARED_SELECTOR = YES;
				GCC_WARN_UNINITIALIZED_AUTOS = YES;
				GCC_WARN_UNUSED_FUNCTION = YES;
				GCC_WARN_UNUSED_LABEL = YES;
				GCC_WARN_UNUSED_VALUE = YES;
				GCC_WARN_UNUSED_VARIABLE = YES;
				IPHONEOS_DEPLOYMENT_TARGET = 8.1;
				KZBEnv = QA;
				MTL_ENABLE_DEBUG_INFO = NO;
				RUN_CLANG_STATIC_ANALYZER = YES;
				SDKROOT = iphoneos;
				VALIDATE_PRODUCT = YES;
				WARNING_CFLAGS = (
					"-Wno-objc-missing-property-synthesis",
					"-Wno-unused-macros",
					"-Wno-disabled-macro-expansion",
					"-Wno-gnu-statement-expression",
					"-Wno-language-extension-token",
					"-Wno-overriding-method-mismatch",
				);
			};
			name = adhoc;
		};
		E8EFDEBA57C3467EBFD6D61E /* adhoc */ = {
			isa = XCBuildConfiguration;
			baseConfigurationReference = B50BC7368D3FED2D74B92DCB /* Pods-Woke.adhoc.xcconfig */;
			buildSettings = {
				ASSETCATALOG_COMPILER_APPICON_NAME = AppIcon;
				ASSETCATALOG_COMPILER_LAUNCHIMAGE_NAME = LaunchImage;
				GCC_PREFIX_HEADER = Woke/support/PrefixHeader.pch;
				GCC_PREPROCESSOR_DEFINITIONS = (
					"$(inherited)",
					"COCOAPODS=1",
					"KZBDefaultEnv=${KZBEnv}",
				);
				INFOPLIST_FILE = Woke/support/Info.plist;
				IPHONEOS_DEPLOYMENT_TARGET = 8.0;
				LD_RUNPATH_SEARCH_PATHS = "$(inherited) @executable_path/Frameworks";
				PRODUCT_NAME = "$(TARGET_NAME)";
			};
			name = adhoc;
		};
/* End XCBuildConfiguration section */

/* Begin XCConfigurationList section */
		09A776DA1A11D8D9004AF902 /* Build configuration list for PBXProject "Woke" */ = {
			isa = XCConfigurationList;
			buildConfigurations = (
				09A777001A11D8D9004AF902 /* Debug */,
				09A777011A11D8D9004AF902 /* Release */,
				DE458F44A2974B8C82603021 /* adhoc */,
				50A0A4275D3E4AC4AF49E97D /* adhoc */,
				86CF145E8486450799717E47 /* profiling */,
				B1F3F60FFC3647879EA4CE2D /* profiling */,
			);
			defaultConfigurationIsVisible = 0;
			defaultConfigurationName = Release;
		};
		09A777021A11D8D9004AF902 /* Build configuration list for PBXNativeTarget "Woke" */ = {
			isa = XCConfigurationList;
			buildConfigurations = (
				09A777031A11D8D9004AF902 /* Debug */,
				09A777041A11D8D9004AF902 /* Release */,
				E8EFDEBA57C3467EBFD6D61E /* adhoc */,
				C6B55ABCC357471F8A39AEAB /* profiling */,
			);
			defaultConfigurationIsVisible = 0;
			defaultConfigurationName = Release;
		};
		09A777051A11D8D9004AF902 /* Build configuration list for PBXNativeTarget "WokeTests" */ = {
			isa = XCConfigurationList;
			buildConfigurations = (
				09A777061A11D8D9004AF902 /* Debug */,
				09A777071A11D8D9004AF902 /* Release */,
				2738B373D9E3409781FFBE87 /* adhoc */,
				36533C93ADC54C2F8C03C451 /* profiling */,
			);
			defaultConfigurationIsVisible = 0;
			defaultConfigurationName = Release;
		};
		9B93312D1A147DC600A402B5 /* Build configuration list for PBXAggregateTarget "mogenerator" */ = {
			isa = XCConfigurationList;
			buildConfigurations = (
				9B9331291A147DC600A402B5 /* Debug */,
				9B93312A1A147DC600A402B5 /* Release */,
				9B93312B1A147DC600A402B5 /* adhoc */,
				9B93312C1A147DC600A402B5 /* profiling */,
			);
			defaultConfigurationIsVisible = 0;
			defaultConfigurationName = Release;
		};
/* End XCConfigurationList section */

/* Begin XCVersionGroup section */
		09DF4F111A1434AF00BEA328 /* EarlyWorm.xcdatamodeld */ = {
			isa = XCVersionGroup;
			children = (
				09DF4F121A1434AF00BEA328 /* EarlyWorm 2.xcdatamodel */,
				09DF4F131A1434AF00BEA328 /* EarlyWorm.xcdatamodel */,
			);
			currentVersion = 09DF4F121A1434AF00BEA328 /* EarlyWorm 2.xcdatamodel */;
			path = EarlyWorm.xcdatamodeld;
			sourceTree = "<group>";
			versionGroupType = wrapper.xcdatamodel;
		};
/* End XCVersionGroup section */
	};
	rootObject = 09A776D71A11D8D9004AF902 /* Project object */;
}
