PODS:
  - AFNetworking (2.5.3):
    - AFNetworking/NSURLConnection (= 2.5.3)
    - AFNetworking/NSURLSession (= 2.5.3)
    - AFNetworking/Reachability (= 2.5.3)
    - AFNetworking/Security (= 2.5.3)
    - AFNetworking/Serialization (= 2.5.3)
    - AFNetworking/UIKit (= 2.5.3)
  - AFNetworking/NSURLConnection (2.5.3):
    - AFNetworking/Reachability
    - AFNetworking/Security
    - AFNetworking/Serialization
  - AFNetworking/NSURLSession (2.5.3):
    - AFNetworking/Reachability
    - AFNetworking/Security
    - AFNetworking/Serialization
  - AFNetworking/Reachability (2.5.3)
  - AFNetworking/Security (2.5.3)
  - AFNetworking/Serialization (2.5.3)
  - AFNetworking/UIKit (2.5.3):
    - AFNetworking/NSURLConnection
    - AFNetworking/NSURLSession
  - apptentive-ios (1.7.2):
    - apptentive-ios/arc-files (= 1.7.2)
  - apptentive-ios/arc-files (1.7.2)
  - APTimeZones (1.1)
  - BlocksKit (2.2.5):
    - BlocksKit/All (= 2.2.5)
  - BlocksKit/All (2.2.5):
    - BlocksKit/Core
    - BlocksKit/DynamicDelegate
    - BlocksKit/MessageUI
    - BlocksKit/UIKit
  - BlocksKit/Core (2.2.5)
  - BlocksKit/DynamicDelegate (2.2.5)
  - BlocksKit/MessageUI (2.2.5):
    - BlocksKit/Core
    - BlocksKit/DynamicDelegate
  - BlocksKit/UIKit (2.2.5):
    - BlocksKit/Core
    - BlocksKit/DynamicDelegate
  - Bolts (1.1.5):
    - Bolts/AppLinks (= 1.1.5)
    - Bolts/Tasks (= 1.1.5)
  - Bolts/AppLinks (1.1.5):
    - Bolts/Tasks
  - Bolts/Tasks (1.1.5)
  - CocoaLumberjack (2.0.0-rc):
    - CocoaLumberjack/Default (= 2.0.0-rc)
    - CocoaLumberjack/Extensions (= 2.0.0-rc)
  - CocoaLumberjack/Core (2.0.0-rc)
  - CocoaLumberjack/Default (2.0.0-rc):
    - CocoaLumberjack/Core
  - CocoaLumberjack/Extensions (2.0.0-rc):
    - CocoaLumberjack/Default
  - CrashlyticsFramework (2.2.10)
  - CrashlyticsLumberjack (2.0.0-rc2):
    - CocoaLumberjack/Default (>= 2.0.0-rc)
  - DACircularProgress (2.3.1)
  - dyci (0.1.5.6):
    - dyci/Injections (= 0.1.5.6)
  - dyci/Injections (0.1.5.6)
  - Expecta (0.3.2)
  - Facebook-iOS-SDK (3.23.2):
    - Bolts (~> 1.0)
  - FormatterKit (1.8.0):
    - FormatterKit/AddressFormatter (= 1.8.0)
    - FormatterKit/ArrayFormatter (= 1.8.0)
    - FormatterKit/ColorFormatter (= 1.8.0)
    - FormatterKit/LocationFormatter (= 1.8.0)
    - FormatterKit/NameFormatter (= 1.8.0)
    - FormatterKit/OrdinalNumberFormatter (= 1.8.0)
    - FormatterKit/TimeIntervalFormatter (= 1.8.0)
    - FormatterKit/UnitOfInformationFormatter (= 1.8.0)
    - FormatterKit/URLRequestFormatter (= 1.8.0)
  - FormatterKit/AddressFormatter (1.8.0)
  - FormatterKit/ArrayFormatter (1.8.0)
  - FormatterKit/ColorFormatter (1.8.0)
  - FormatterKit/LocationFormatter (1.8.0)
  - FormatterKit/NameFormatter (1.8.0)
  - FormatterKit/OrdinalNumberFormatter (1.8.0)
  - FormatterKit/TimeIntervalFormatter (1.8.0)
  - FormatterKit/UnitOfInformationFormatter (1.8.0)
  - FormatterKit/URLRequestFormatter (1.8.0)
  - GKImagePicker (0.0.1)
  - GPUImage (0.1.6)
  - IDMPhotoBrowser (1.6.2):
    - AFNetworking
    - DACircularProgress
    - pop
  - InflectorKit (0.0.1)
  - INTULocationManager (2.0.2)
  - JGProgressHUD (1.2.5)
  - KVOController (1.0.3)
  - KZAsserts (1.0)
  - KZBootstrap (0.5.5):
    - KZBootstrap/Core (= 0.5.5)
  - KZBootstrap/Core (0.5.5):
    - KZAsserts (~> 1.0)
  - libextobjc (0.4.1):
    - libextobjc/EXTADT (= 0.4.1)
    - libextobjc/EXTConcreteProtocol (= 0.4.1)
    - libextobjc/EXTKeyPathCoding (= 0.4.1)
    - libextobjc/EXTNil (= 0.4.1)
    - libextobjc/EXTSafeCategory (= 0.4.1)
    - libextobjc/EXTScope (= 0.4.1)
    - libextobjc/EXTSelectorChecking (= 0.4.1)
    - libextobjc/EXTSynthesize (= 0.4.1)
    - libextobjc/NSInvocation+EXT (= 0.4.1)
    - libextobjc/NSMethodSignature+EXT (= 0.4.1)
    - libextobjc/RuntimeExtensions (= 0.4.1)
    - libextobjc/UmbrellaHeader (= 0.4.1)
  - libextobjc/EXTADT (0.4.1):
    - libextobjc/RuntimeExtensions
  - libextobjc/EXTConcreteProtocol (0.4.1):
    - libextobjc/RuntimeExtensions
  - libextobjc/EXTKeyPathCoding (0.4.1):
    - libextobjc/RuntimeExtensions
  - libextobjc/EXTNil (0.4.1):
    - libextobjc/RuntimeExtensions
  - libextobjc/EXTSafeCategory (0.4.1):
    - libextobjc/RuntimeExtensions
  - libextobjc/EXTScope (0.4.1):
    - libextobjc/RuntimeExtensions
  - libextobjc/EXTSelectorChecking (0.4.1):
    - libextobjc/RuntimeExtensions
  - libextobjc/EXTSynthesize (0.4.1):
    - libextobjc/RuntimeExtensions
  - libextobjc/NSInvocation+EXT (0.4.1):
    - libextobjc/RuntimeExtensions
  - libextobjc/NSMethodSignature+EXT (0.4.1):
    - libextobjc/RuntimeExtensions
  - libextobjc/RuntimeExtensions (0.4.1)
  - libextobjc/UmbrellaHeader (0.4.1)
  - MagicalRecord (2.3.0-beta.5):
    - MagicalRecord/Core (= 2.3.0-beta.5)
  - MagicalRecord/Core (2.3.0-beta.5)
  - MTDates (1.0.2)
  - NYXImagesKit (2.3)
  - OCMock (3.1.2)
  - Parse (1.7.2):
    - Bolts (~> 1.1)
  - ParseFacebookUtils (1.7.2):
    - Bolts (~> 1.1)
    - Facebook-iOS-SDK (~> 3.23)
    - Parse (~> 1.7.2)
  - pop (1.0.7)
  - ReactiveCocoa (2.5):
    - ReactiveCocoa/UI (= 2.5)
  - ReactiveCocoa/Core (2.5):
    - ReactiveCocoa/no-arc
  - ReactiveCocoa/no-arc (2.5)
  - ReactiveCocoa/UI (2.5):
    - ReactiveCocoa/Core
  - ReactiveViewModel (0.3):
    - ReactiveCocoa (~> 2.4)
  - RHAddressBook (1.1.1)
  - Shimmer (1.0.2)
  - Tweaks (1.1.0)
  - VBFPopFlatButton (0.0.6):
    - pop

DEPENDENCIES:
  - AFNetworking (~> 2.5.1)
  - apptentive-ios (~> 1.7)
  - APTimeZones (~> 1.1)
  - BlocksKit (~> 2.2.5)
  - CocoaLumberjack (= 2.0.0-rc)
  - CrashlyticsFramework (~> 2.2)
  - CrashlyticsLumberjack (= 2.0.0-rc2)
  - dyci (from `https://github.com/DyCI/dyci-main.git`)
  - Expecta (~> 0.3.1)
  - Facebook-iOS-SDK (~> 3.23)
  - FormatterKit (~> 1.8.0)
  - GKImagePicker (~> 0.0)
  - GPUImage (~> 0.1.6)
  - IDMPhotoBrowser (~> 1.4)
  - InflectorKit (~> 0.0.1)
  - INTULocationManager (~> 2.0)
  - JGProgressHUD (~> 1.2)
  - KVOController (~> 1.0.3)
  - KZBootstrap (~> 0.5.5)
  - libextobjc (~> 0.4.1)
  - MagicalRecord (from `https://github.com/magicalpanda/MagicalRecord`, tag `v2.3.0-beta.5`)
  - MTDates (~> 1.0)
  - NYXImagesKit (~> 2.3)
  - OCMock (~> 3.1.1)
  - Parse (~> 1.7.2)
  - ParseFacebookUtils (~> 1.7.2)
  - ReactiveCocoa (~> 2.4)
  - ReactiveViewModel (~> 0.3)
  - RHAddressBook (~> 1.1)
  - Shimmer (~> 1.0.2)
  - Tweaks (~> 1.1.0)
  - VBFPopFlatButton (~> 0.0.5)

EXTERNAL SOURCES:
  dyci:
    :git: https://github.com/DyCI/dyci-main.git
  MagicalRecord:
    :git: https://github.com/magicalpanda/MagicalRecord
    :tag: v2.3.0-beta.5

CHECKOUT OPTIONS:
  dyci:
    :commit: 0f03a803bbad5b90d15022b52609aa68b8262ab6
    :git: https://github.com/DyCI/dyci-main.git
  MagicalRecord:
    :git: https://github.com/magicalpanda/MagicalRecord
    :tag: v2.3.0-beta.5

SPEC CHECKSUMS:
  AFNetworking: e1d86c2a96bb5d2e7408da36149806706ee122fe
  apptentive-ios: 6c80d5cd568c4fe2381880cf1785e5d3a59282f9
  APTimeZones: ddb9aca50fff41d6313eb29d86d37b1edf9d2942
  BlocksKit: 7f422b971407001178d181a43b99014ea2591fe6
  Bolts: aac24961496d504aa56fc267cde95162a71bac39
  CocoaLumberjack: 04c5b9b7479dd4276a09700fcd6644423ea1751c
  CrashlyticsFramework: 2f7c515a2d74c8636bf47e761621f2f68193747e
  CrashlyticsLumberjack: 109eba5693487358215a04665a9526190ed73712
  DACircularProgress: 4dd437c0fc3da5161cb289e07ac449493d41db71
  dyci: 099c2e6dc98abb8f21b370cabbf1443ff700608a
  Expecta: 8c507baf13211207b1e9d0a741480600e6b4ed15
  Facebook-iOS-SDK: cd87f0b2f0c1d9574b44e8fa2baacc275524bac3
  FormatterKit: bddde83e054edf9d9ee14f9de3b3a5103db256f4
  GKImagePicker: 38eabf8e048ed7275f9bc3cc3c3f3620c4a4826f
  GPUImage: 4675ce4a5370ca92fcea8623b2a08b8f0c51b940
  IDMPhotoBrowser: ebbfa6690456b72dd92d93b7bc11d71519f4d06d
  InflectorKit: 64497199e6764f4d8337cab7f700a77b13d76a73
  INTULocationManager: 4eb51ce242d95950676a535208056d9cb246d879
  JGProgressHUD: 4d709935604cdf671b3039a95bbcb6960b19b885
  KVOController: 9fd8f0343670994e4b6f9f0b31f5a45663f3e1cf
  KZAsserts: 6e613b569a33582dc94cf7a1f34a2c6d870982a7
  KZBootstrap: f4dbeacb8d925129280dcfe83a2167d9cfc45803
  libextobjc: a650fc1bf489a3d3a9bc2e621efa3e1006fc5471
  MagicalRecord: 5b7e807bc07c5d642af1f7d894b7fe0d3c317ca2
  MTDates: aa8006ac046c3fc4f2bb9df95603e9b5bdac9467
  NYXImagesKit: 8163e3335a40eaa173ca5bbbf81fafb57d3947eb
  OCMock: a10ea9f0a6e921651f96f78b6faee95ebc813b92
  Parse: e1959adb9fe2fcd4736dac20b3ac691d47a4f06c
  ParseFacebookUtils: 26f436ad7da9fc39acb4784c01cfcef0ea3a9709
  pop: 628ffc631644601567ee8bfaaaea493ebd7d0923
  ReactiveCocoa: e2db045570aa97c695e7aa97c2bcab222ae51f4a
  ReactiveViewModel: 58918dcbcec2d3151195ab1ed9163c57a8163999
  RHAddressBook: 870e9e0b34cb917b9c4c600fc3b7d5b530b23b13
  Shimmer: c5374be1c2b0c9e292fb05b339a513cf291cac86
  Tweaks: fea40672d34a7185051b7786be0d587cd76d253c
  VBFPopFlatButton: 782344da63f104c279a857d806e065117a7e1196

COCOAPODS: 0.37.1
